// !$*UTF8*$!
{
	archiveVersion = 1;
	classes = {
	};
	objectVersion = 55;
	objects = {

/* Begin PBXBuildFile section */
		F923A21B29FC7478004E453E /* RegisterViewModelProtocol.swift in Sources */ = {isa = PBXBuildFile; fileRef = F923A21A29FC7478004E453E /* RegisterViewModelProtocol.swift */; };
		F923A21F29FCE2F5004E453E /* RegisterViewController.swift in Sources */ = {isa = PBXBuildFile; fileRef = F923A21E29FCE2F5004E453E /* RegisterViewController.swift */; };
		F92C30BE29C3457A00515FA4 /* CGImageUtils.swift in Sources */ = {isa = PBXBuildFile; fileRef = F92C30BD29C3457A00515FA4 /* CGImageUtils.swift */; };
		F9330E0829FBAEEA003E0001 /* RegisterViewModel.swift in Sources */ = {isa = PBXBuildFile; fileRef = F9330E0729FBAEEA003E0001 /* RegisterViewModel.swift */; };
		F9330E1229FBB356003E0001 /* FirebaseError.swift in Sources */ = {isa = PBXBuildFile; fileRef = F9330E1129FBB356003E0001 /* FirebaseError.swift */; };
		F936C43B29CE25A3006B6708 /* Planet.swift in Sources */ = {isa = PBXBuildFile; fileRef = F936C43A29CE25A3006B6708 /* Planet.swift */; };
		F936C43D29CE273E006B6708 /* Resident.swift in Sources */ = {isa = PBXBuildFile; fileRef = F936C43C29CE273E006B6708 /* Resident.swift */; };
		F936C43F29CF96C7006B6708 /* NetUtils.swift in Sources */ = {isa = PBXBuildFile; fileRef = F936C43E29CF96C7006B6708 /* NetUtils.swift */; };
		F936C44329CFDB4C006B6708 /* ResidentTableViewCell.swift in Sources */ = {isa = PBXBuildFile; fileRef = F936C44229CFDB4C006B6708 /* ResidentTableViewCell.swift */; };
		F936C44A29EFDCDE006B6708 /* CheckerServiceProtocol.swift in Sources */ = {isa = PBXBuildFile; fileRef = F936C44929EFDCDE006B6708 /* CheckerServiceProtocol.swift */; };
		F936C44C29EFDEDF006B6708 /* CheckerService.swift in Sources */ = {isa = PBXBuildFile; fileRef = F936C44B29EFDEDF006B6708 /* CheckerService.swift */; };
		F936C45029EFEF01006B6708 /* RegisterDelegate.swift in Sources */ = {isa = PBXBuildFile; fileRef = F936C44F29EFEF01006B6708 /* RegisterDelegate.swift */; };
		F97CD0C42869D89A0062067F /* AppDelegate.swift in Sources */ = {isa = PBXBuildFile; fileRef = F97CD0C32869D89A0062067F /* AppDelegate.swift */; };
		F97CD0C62869D89A0062067F /* SceneDelegate.swift in Sources */ = {isa = PBXBuildFile; fileRef = F97CD0C52869D89A0062067F /* SceneDelegate.swift */; };
		F97CD0CD2869D89B0062067F /* Assets.xcassets in Resources */ = {isa = PBXBuildFile; fileRef = F97CD0CC2869D89B0062067F /* Assets.xcassets */; };
		F97CD0D02869D89B0062067F /* LaunchScreen.storyboard in Resources */ = {isa = PBXBuildFile; fileRef = F97CD0CE2869D89B0062067F /* LaunchScreen.storyboard */; };
		F97CD0FC2869DDFB0062067F /* FeedViewController.swift in Sources */ = {isa = PBXBuildFile; fileRef = F97CD0FB2869DDFB0062067F /* FeedViewController.swift */; };
		F97CD0FE2869DE420062067F /* ProfileViewController.swift in Sources */ = {isa = PBXBuildFile; fileRef = F97CD0FD2869DE420062067F /* ProfileViewController.swift */; };
		F97CD1002869DE640062067F /* PostViewController.swift in Sources */ = {isa = PBXBuildFile; fileRef = F97CD0FF2869DE640062067F /* PostViewController.swift */; };
		F97CD1022869DEA20062067F /* InfoViewController.swift in Sources */ = {isa = PBXBuildFile; fileRef = F97CD1012869DEA20062067F /* InfoViewController.swift */; };
		F97CD104286B30B50062067F /* TabBarController.swift in Sources */ = {isa = PBXBuildFile; fileRef = F97CD103286B30B50062067F /* TabBarController.swift */; };
		F995FC7E29FBE385007888DE /* GoogleService-Info.plist in Resources */ = {isa = PBXBuildFile; fileRef = F995FC7D29FBE385007888DE /* GoogleService-Info.plist */; };
		F995FC7F29FBE77D007888DE /* Pods_Navigation.framework in Frameworks */ = {isa = PBXBuildFile; fileRef = 279DA21AA648647C71307D00 /* Pods_Navigation.framework */; };
		F9A8197229277EFE0033060A /* PhotosTableViewCell.swift in Sources */ = {isa = PBXBuildFile; fileRef = F9A8197129277EFE0033060A /* PhotosTableViewCell.swift */; };
		F9A81974292786E80033060A /* PhotosViewController.swift in Sources */ = {isa = PBXBuildFile; fileRef = F9A81973292786E80033060A /* PhotosViewController.swift */; };
		F9A819772927A0FF0033060A /* PhotosCollectionViewCell.swift in Sources */ = {isa = PBXBuildFile; fileRef = F9A819762927A0FF0033060A /* PhotosCollectionViewCell.swift */; };
		F9A8197B2927BEB90033060A /* PhotosCollectionViewHeader.swift in Sources */ = {isa = PBXBuildFile; fileRef = F9A8197A2927BEB90033060A /* PhotosCollectionViewHeader.swift */; };
		F9B5B8A329CC4C2D00B7CFA6 /* NetworkService.swift in Sources */ = {isa = PBXBuildFile; fileRef = F9B5B8A229CC4C2D00B7CFA6 /* NetworkService.swift */; };
		F9B5B8A529CC4CC000B7CFA6 /* AppConfiguration.swift in Sources */ = {isa = PBXBuildFile; fileRef = F9B5B8A429CC4CC000B7CFA6 /* AppConfiguration.swift */; };
		F9C602BB28E40AEB00DDF334 /* Localizable.strings in Resources */ = {isa = PBXBuildFile; fileRef = F9C602BD28E40AEB00DDF334 /* Localizable.strings */; };
		F9C602C128E40C5200DDF334 /* LogInViewController.swift in Sources */ = {isa = PBXBuildFile; fileRef = F9C602C028E40C5200DDF334 /* LogInViewController.swift */; };
		F9C602C328E40C7800DDF334 /* PostTableViewCell.swift in Sources */ = {isa = PBXBuildFile; fileRef = F9C602C228E40C7800DDF334 /* PostTableViewCell.swift */; };
		F9CEB58129B7320100EF2CFF /* Coordinatable.swift in Sources */ = {isa = PBXBuildFile; fileRef = F9CEB58029B7320100EF2CFF /* Coordinatable.swift */; };
		F9CEB58329B7322000EF2CFF /* ModuleCoordinatable.swift in Sources */ = {isa = PBXBuildFile; fileRef = F9CEB58229B7322000EF2CFF /* ModuleCoordinatable.swift */; };
		F9CEB58729B734EF00EF2CFF /* ViewModelProtocol.swift in Sources */ = {isa = PBXBuildFile; fileRef = F9CEB58629B734EF00EF2CFF /* ViewModelProtocol.swift */; };
		F9CEB58929B7353100EF2CFF /* Module.swift in Sources */ = {isa = PBXBuildFile; fileRef = F9CEB58829B7353100EF2CFF /* Module.swift */; };
		F9CEB58B29B73BCB00EF2CFF /* AppFactory.swift in Sources */ = {isa = PBXBuildFile; fileRef = F9CEB58A29B73BCB00EF2CFF /* AppFactory.swift */; };
		F9CEB58F29B7426000EF2CFF /* FeedViewModel.swift in Sources */ = {isa = PBXBuildFile; fileRef = F9CEB58E29B7426000EF2CFF /* FeedViewModel.swift */; };
		F9CEB59129B7429700EF2CFF /* FeedViewModelProtocol.swift in Sources */ = {isa = PBXBuildFile; fileRef = F9CEB59029B7429700EF2CFF /* FeedViewModelProtocol.swift */; };
		F9CEB59329B7431500EF2CFF /* AppCoordinator.swift in Sources */ = {isa = PBXBuildFile; fileRef = F9CEB59229B7431500EF2CFF /* AppCoordinator.swift */; };
		F9CEB59529B7432900EF2CFF /* FeedCoordinator.swift in Sources */ = {isa = PBXBuildFile; fileRef = F9CEB59429B7432900EF2CFF /* FeedCoordinator.swift */; };
		F9CEB59729B7433900EF2CFF /* ProfileCoordinator.swift in Sources */ = {isa = PBXBuildFile; fileRef = F9CEB59629B7433900EF2CFF /* ProfileCoordinator.swift */; };
		F9CEB59929B7470500EF2CFF /* ProfileViewModelProtocol.swift in Sources */ = {isa = PBXBuildFile; fileRef = F9CEB59829B7470500EF2CFF /* ProfileViewModelProtocol.swift */; };
		F9CEB59B29B7472900EF2CFF /* ProfileViewModel.swift in Sources */ = {isa = PBXBuildFile; fileRef = F9CEB59A29B7472900EF2CFF /* ProfileViewModel.swift */; };
		F9CEB59D29B74D2600EF2CFF /* LoginViewModelProtocol.swift in Sources */ = {isa = PBXBuildFile; fileRef = F9CEB59C29B74D2600EF2CFF /* LoginViewModelProtocol.swift */; };
		F9CEB59F29B74D3600EF2CFF /* LoginViewModel.swift in Sources */ = {isa = PBXBuildFile; fileRef = F9CEB59E29B74D3600EF2CFF /* LoginViewModel.swift */; };
		F9CEB5A429B756DA00EF2CFF /* LoginCoordinator.swift in Sources */ = {isa = PBXBuildFile; fileRef = F9CEB5A329B756DA00EF2CFF /* LoginCoordinator.swift */; };
		F9CEB5A629B758C200EF2CFF /* PostCoordinator.swift in Sources */ = {isa = PBXBuildFile; fileRef = F9CEB5A529B758C200EF2CFF /* PostCoordinator.swift */; };
		F9CEB5A829B758CF00EF2CFF /* InfoCoordinator.swift in Sources */ = {isa = PBXBuildFile; fileRef = F9CEB5A729B758CF00EF2CFF /* InfoCoordinator.swift */; };
		F9CEB5AC29B7592500EF2CFF /* InfoViewModelProtocol.swift in Sources */ = {isa = PBXBuildFile; fileRef = F9CEB5AB29B7592500EF2CFF /* InfoViewModelProtocol.swift */; };
		F9CEB5AE29B7593400EF2CFF /* InfoViewModel.swift in Sources */ = {isa = PBXBuildFile; fileRef = F9CEB5AD29B7593400EF2CFF /* InfoViewModel.swift */; };
		F9CEB5B029B7594900EF2CFF /* PostViewModelProtocol.swift in Sources */ = {isa = PBXBuildFile; fileRef = F9CEB5AF29B7594900EF2CFF /* PostViewModelProtocol.swift */; };
		F9CEB5B229B7595600EF2CFF /* PostViewModel.swift in Sources */ = {isa = PBXBuildFile; fileRef = F9CEB5B129B7595600EF2CFF /* PostViewModel.swift */; };
		F9CEB5B429B75A3900EF2CFF /* ProfileTabCoordinator.swift in Sources */ = {isa = PBXBuildFile; fileRef = F9CEB5B329B75A3900EF2CFF /* ProfileTabCoordinator.swift */; };
		F9CEB5B629B75A4F00EF2CFF /* FeedTabCoordinator.swift in Sources */ = {isa = PBXBuildFile; fileRef = F9CEB5B529B75A4F00EF2CFF /* FeedTabCoordinator.swift */; };
		F9CEB5BB29B7950900EF2CFF /* PhotosViewModelProtocol.swift in Sources */ = {isa = PBXBuildFile; fileRef = F9CEB5BA29B7950900EF2CFF /* PhotosViewModelProtocol.swift */; };
		F9CEB5BD29B7951800EF2CFF /* PhotosViewModel.swift in Sources */ = {isa = PBXBuildFile; fileRef = F9CEB5BC29B7951800EF2CFF /* PhotosViewModel.swift */; };
		F9CEB5BF29B79D2C00EF2CFF /* RemoveChildCoordinatorDelegate.swift in Sources */ = {isa = PBXBuildFile; fileRef = F9CEB5BE29B79D2C00EF2CFF /* RemoveChildCoordinatorDelegate.swift */; };
		F9CF7A8A289D813000839A1F /* ProfileHeaderView.swift in Sources */ = {isa = PBXBuildFile; fileRef = F9CF7A89289D813000839A1F /* ProfileHeaderView.swift */; };
		F9DB1301298A9F850067578D /* AvatarTapDelegate.swift in Sources */ = {isa = PBXBuildFile; fileRef = F9DB1300298A9F850067578D /* AvatarTapDelegate.swift */; };
		F9DB1303298E8C8D0067578D /* AvatarView.swift in Sources */ = {isa = PBXBuildFile; fileRef = F9DB1302298E8C8D0067578D /* AvatarView.swift */; };
		F9DB131129AFCC1B0067578D /* StorageService.docc in Sources */ = {isa = PBXBuildFile; fileRef = F9DB131029AFCC1B0067578D /* StorageService.docc */; };
		F9DB131229AFCC1B0067578D /* StorageService.h in Headers */ = {isa = PBXBuildFile; fileRef = F9DB130F29AFCC1B0067578D /* StorageService.h */; settings = {ATTRIBUTES = (Public, ); }; };
		F9DB131529AFCC1B0067578D /* StorageService.framework in Frameworks */ = {isa = PBXBuildFile; fileRef = F9DB130D29AFCC1B0067578D /* StorageService.framework */; };
		F9DB131629AFCC1B0067578D /* StorageService.framework in Embed Frameworks */ = {isa = PBXBuildFile; fileRef = F9DB130D29AFCC1B0067578D /* StorageService.framework */; settings = {ATTRIBUTES = (CodeSignOnCopy, RemoveHeadersOnCopy, ); }; };
		F9DB131B29AFCE340067578D /* Post.swift in Sources */ = {isa = PBXBuildFile; fileRef = F97CD106286FF2200062067F /* Post.swift */; };
		F9DB131D29B0B0F20067578D /* Configuration.swift in Sources */ = {isa = PBXBuildFile; fileRef = F9DB131C29B0B0F10067578D /* Configuration.swift */; };
		F9DB132229B26AFE0067578D /* UserModel.swift in Sources */ = {isa = PBXBuildFile; fileRef = F9DB132129B26AFE0067578D /* UserModel.swift */; };
		F9DB132A29B27DE10067578D /* UIColorUtils.swift in Sources */ = {isa = PBXBuildFile; fileRef = F9DB132929B27DE10067578D /* UIColorUtils.swift */; };
		F9DB132C29B27FAE0067578D /* UIImageUtils.swift in Sources */ = {isa = PBXBuildFile; fileRef = F9DB132B29B27FAE0067578D /* UIImageUtils.swift */; };
		F9DB132D29B284E00067578D /* CurrentUserService.swift in Sources */ = {isa = PBXBuildFile; fileRef = F9DB132529B26E630067578D /* CurrentUserService.swift */; };
		F9DB132E29B284E40067578D /* UserService.swift in Sources */ = {isa = PBXBuildFile; fileRef = F9DB132329B26BFA0067578D /* UserService.swift */; };
		F9DB133029B2871A0067578D /* TestUserService.swift in Sources */ = {isa = PBXBuildFile; fileRef = F9DB132F29B2871A0067578D /* TestUserService.swift */; };
		F9DB133229B33A170067578D /* StorageService.swift in Sources */ = {isa = PBXBuildFile; fileRef = F9DB133129B33A170067578D /* StorageService.swift */; };
		F9DB133C29B3640E0067578D /* LoginFactory.swift in Sources */ = {isa = PBXBuildFile; fileRef = F9DB133B29B3640D0067578D /* LoginFactory.swift */; };
		F9DB133E29B3649A0067578D /* LoginFactoryImp.swift in Sources */ = {isa = PBXBuildFile; fileRef = F9DB133D29B3649A0067578D /* LoginFactoryImp.swift */; };
		F9DB134129B3D3730067578D /* iOSIntPackage in Frameworks */ = {isa = PBXBuildFile; productRef = F9DB134029B3D3730067578D /* iOSIntPackage */; };
		F9DB134429B4FD870067578D /* CustomButton.swift in Sources */ = {isa = PBXBuildFile; fileRef = F9DB134329B4FD870067578D /* CustomButton.swift */; };
		F9DB134729B51AC00067578D /* FeedModel.swift in Sources */ = {isa = PBXBuildFile; fileRef = F9DB134629B51AC00067578D /* FeedModel.swift */; };
		F9DB134929B51C0B0067578D /* AlertUtils.swift in Sources */ = {isa = PBXBuildFile; fileRef = F9DB134829B51C0B0067578D /* AlertUtils.swift */; };
		F9DB134B29B529070067578D /* UIButtonUtils.swift in Sources */ = {isa = PBXBuildFile; fileRef = F9DB134A29B529070067578D /* UIButtonUtils.swift */; };
		F9DB134D29B52C640067578D /* UITextFieldUtils.swift in Sources */ = {isa = PBXBuildFile; fileRef = F9DB134C29B52C640067578D /* UITextFieldUtils.swift */; };
/* End PBXBuildFile section */

/* Begin PBXContainerItemProxy section */
		F9DB131329AFCC1B0067578D /* PBXContainerItemProxy */ = {
			isa = PBXContainerItemProxy;
			containerPortal = F97CD0B82869D89A0062067F /* Project object */;
			proxyType = 1;
			remoteGlobalIDString = F9DB130C29AFCC1B0067578D;
			remoteInfo = StorageService;
		};
/* End PBXContainerItemProxy section */

/* Begin PBXCopyFilesBuildPhase section */
		F9DB131729AFCC1B0067578D /* Embed Frameworks */ = {
			isa = PBXCopyFilesBuildPhase;
			buildActionMask = 2147483647;
			dstPath = "";
			dstSubfolderSpec = 10;
			files = (
				F9DB131629AFCC1B0067578D /* StorageService.framework in Embed Frameworks */,
			);
			name = "Embed Frameworks";
			runOnlyForDeploymentPostprocessing = 0;
		};
/* End PBXCopyFilesBuildPhase section */

/* Begin PBXFileReference section */
		1906FC7D733D0BDBAC75AA0B /* Pods-Navigation.debug.xcconfig */ = {isa = PBXFileReference; includeInIndex = 1; lastKnownFileType = text.xcconfig; name = "Pods-Navigation.debug.xcconfig"; path = "Target Support Files/Pods-Navigation/Pods-Navigation.debug.xcconfig"; sourceTree = "<group>"; };
		279DA21AA648647C71307D00 /* Pods_Navigation.framework */ = {isa = PBXFileReference; explicitFileType = wrapper.framework; includeInIndex = 0; path = Pods_Navigation.framework; sourceTree = BUILT_PRODUCTS_DIR; };
		B6B70F672DC8C5626B21FE86 /* Pods-Navigation.release.xcconfig */ = {isa = PBXFileReference; includeInIndex = 1; lastKnownFileType = text.xcconfig; name = "Pods-Navigation.release.xcconfig"; path = "Target Support Files/Pods-Navigation/Pods-Navigation.release.xcconfig"; sourceTree = "<group>"; };
		F923A21A29FC7478004E453E /* RegisterViewModelProtocol.swift */ = {isa = PBXFileReference; lastKnownFileType = sourcecode.swift; path = RegisterViewModelProtocol.swift; sourceTree = "<group>"; };
		F923A21E29FCE2F5004E453E /* RegisterViewController.swift */ = {isa = PBXFileReference; lastKnownFileType = sourcecode.swift; path = RegisterViewController.swift; sourceTree = "<group>"; };
		F92C30BD29C3457A00515FA4 /* CGImageUtils.swift */ = {isa = PBXFileReference; lastKnownFileType = sourcecode.swift; path = CGImageUtils.swift; sourceTree = "<group>"; };
		F9330E0729FBAEEA003E0001 /* RegisterViewModel.swift */ = {isa = PBXFileReference; lastKnownFileType = sourcecode.swift; path = RegisterViewModel.swift; sourceTree = "<group>"; };
		F9330E1129FBB356003E0001 /* FirebaseError.swift */ = {isa = PBXFileReference; lastKnownFileType = sourcecode.swift; path = FirebaseError.swift; sourceTree = "<group>"; };
		F936C43A29CE25A3006B6708 /* Planet.swift */ = {isa = PBXFileReference; lastKnownFileType = sourcecode.swift; path = Planet.swift; sourceTree = "<group>"; };
		F936C43C29CE273E006B6708 /* Resident.swift */ = {isa = PBXFileReference; lastKnownFileType = sourcecode.swift; path = Resident.swift; sourceTree = "<group>"; };
		F936C43E29CF96C7006B6708 /* NetUtils.swift */ = {isa = PBXFileReference; lastKnownFileType = sourcecode.swift; path = NetUtils.swift; sourceTree = "<group>"; };
		F936C44229CFDB4C006B6708 /* ResidentTableViewCell.swift */ = {isa = PBXFileReference; lastKnownFileType = sourcecode.swift; path = ResidentTableViewCell.swift; sourceTree = "<group>"; };
		F936C44929EFDCDE006B6708 /* CheckerServiceProtocol.swift */ = {isa = PBXFileReference; lastKnownFileType = sourcecode.swift; path = CheckerServiceProtocol.swift; sourceTree = "<group>"; };
		F936C44B29EFDEDF006B6708 /* CheckerService.swift */ = {isa = PBXFileReference; lastKnownFileType = sourcecode.swift; path = CheckerService.swift; sourceTree = "<group>"; };
		F936C44F29EFEF01006B6708 /* RegisterDelegate.swift */ = {isa = PBXFileReference; lastKnownFileType = sourcecode.swift; path = RegisterDelegate.swift; sourceTree = "<group>"; };
		F97CD0C02869D89A0062067F /* Navigation.app */ = {isa = PBXFileReference; explicitFileType = wrapper.application; includeInIndex = 0; path = Navigation.app; sourceTree = BUILT_PRODUCTS_DIR; };
		F97CD0C32869D89A0062067F /* AppDelegate.swift */ = {isa = PBXFileReference; lastKnownFileType = sourcecode.swift; path = AppDelegate.swift; sourceTree = "<group>"; };
		F97CD0C52869D89A0062067F /* SceneDelegate.swift */ = {isa = PBXFileReference; lastKnownFileType = sourcecode.swift; path = SceneDelegate.swift; sourceTree = "<group>"; };
		F97CD0CC2869D89B0062067F /* Assets.xcassets */ = {isa = PBXFileReference; lastKnownFileType = folder.assetcatalog; path = Assets.xcassets; sourceTree = "<group>"; };
		F97CD0CF2869D89B0062067F /* Base */ = {isa = PBXFileReference; lastKnownFileType = file.storyboard; name = Base; path = Base.lproj/LaunchScreen.storyboard; sourceTree = "<group>"; };
		F97CD0D12869D89B0062067F /* Info.plist */ = {isa = PBXFileReference; lastKnownFileType = text.plist.xml; path = Info.plist; sourceTree = "<group>"; };
		F97CD0FB2869DDFB0062067F /* FeedViewController.swift */ = {isa = PBXFileReference; lastKnownFileType = sourcecode.swift; path = FeedViewController.swift; sourceTree = "<group>"; };
		F97CD0FD2869DE420062067F /* ProfileViewController.swift */ = {isa = PBXFileReference; lastKnownFileType = sourcecode.swift; path = ProfileViewController.swift; sourceTree = "<group>"; };
		F97CD0FF2869DE640062067F /* PostViewController.swift */ = {isa = PBXFileReference; lastKnownFileType = sourcecode.swift; path = PostViewController.swift; sourceTree = "<group>"; };
		F97CD1012869DEA20062067F /* InfoViewController.swift */ = {isa = PBXFileReference; lastKnownFileType = sourcecode.swift; path = InfoViewController.swift; sourceTree = "<group>"; };
		F97CD103286B30B50062067F /* TabBarController.swift */ = {isa = PBXFileReference; lastKnownFileType = sourcecode.swift; path = TabBarController.swift; sourceTree = "<group>"; };
		F97CD106286FF2200062067F /* Post.swift */ = {isa = PBXFileReference; lastKnownFileType = sourcecode.swift; path = Post.swift; sourceTree = "<group>"; };
		F995FC7D29FBE385007888DE /* GoogleService-Info.plist */ = {isa = PBXFileReference; fileEncoding = 4; lastKnownFileType = text.plist.xml; name = "GoogleService-Info.plist"; path = "../../../../../Downloads/GoogleService-Info.plist"; sourceTree = "<group>"; };
		F9A8197129277EFE0033060A /* PhotosTableViewCell.swift */ = {isa = PBXFileReference; lastKnownFileType = sourcecode.swift; path = PhotosTableViewCell.swift; sourceTree = "<group>"; };
		F9A81973292786E80033060A /* PhotosViewController.swift */ = {isa = PBXFileReference; lastKnownFileType = sourcecode.swift; path = PhotosViewController.swift; sourceTree = "<group>"; };
		F9A819762927A0FF0033060A /* PhotosCollectionViewCell.swift */ = {isa = PBXFileReference; lastKnownFileType = sourcecode.swift; path = PhotosCollectionViewCell.swift; sourceTree = "<group>"; };
		F9A8197A2927BEB90033060A /* PhotosCollectionViewHeader.swift */ = {isa = PBXFileReference; lastKnownFileType = sourcecode.swift; path = PhotosCollectionViewHeader.swift; sourceTree = "<group>"; };
		F9B5B8A229CC4C2D00B7CFA6 /* NetworkService.swift */ = {isa = PBXFileReference; lastKnownFileType = sourcecode.swift; path = NetworkService.swift; sourceTree = "<group>"; };
		F9B5B8A429CC4CC000B7CFA6 /* AppConfiguration.swift */ = {isa = PBXFileReference; lastKnownFileType = sourcecode.swift; path = AppConfiguration.swift; sourceTree = "<group>"; };
		F9C602BC28E40AEB00DDF334 /* en */ = {isa = PBXFileReference; lastKnownFileType = text.plist.strings; name = en; path = en.lproj/Localizable.strings; sourceTree = "<group>"; };
		F9C602BE28E40B0400DDF334 /* ru */ = {isa = PBXFileReference; lastKnownFileType = text.plist.strings; name = ru; path = ru.lproj/LaunchScreen.strings; sourceTree = "<group>"; };
		F9C602BF28E40B0400DDF334 /* ru */ = {isa = PBXFileReference; lastKnownFileType = text.plist.strings; name = ru; path = ru.lproj/Localizable.strings; sourceTree = "<group>"; };
		F9C602C028E40C5200DDF334 /* LogInViewController.swift */ = {isa = PBXFileReference; lastKnownFileType = sourcecode.swift; path = LogInViewController.swift; sourceTree = "<group>"; };
		F9C602C228E40C7800DDF334 /* PostTableViewCell.swift */ = {isa = PBXFileReference; lastKnownFileType = sourcecode.swift; path = PostTableViewCell.swift; sourceTree = "<group>"; };
		F9CEB58029B7320100EF2CFF /* Coordinatable.swift */ = {isa = PBXFileReference; lastKnownFileType = sourcecode.swift; path = Coordinatable.swift; sourceTree = "<group>"; };
		F9CEB58229B7322000EF2CFF /* ModuleCoordinatable.swift */ = {isa = PBXFileReference; lastKnownFileType = sourcecode.swift; path = ModuleCoordinatable.swift; sourceTree = "<group>"; };
		F9CEB58629B734EF00EF2CFF /* ViewModelProtocol.swift */ = {isa = PBXFileReference; lastKnownFileType = sourcecode.swift; path = ViewModelProtocol.swift; sourceTree = "<group>"; };
		F9CEB58829B7353100EF2CFF /* Module.swift */ = {isa = PBXFileReference; lastKnownFileType = sourcecode.swift; path = Module.swift; sourceTree = "<group>"; };
		F9CEB58A29B73BCB00EF2CFF /* AppFactory.swift */ = {isa = PBXFileReference; lastKnownFileType = sourcecode.swift; path = AppFactory.swift; sourceTree = "<group>"; };
		F9CEB58E29B7426000EF2CFF /* FeedViewModel.swift */ = {isa = PBXFileReference; lastKnownFileType = sourcecode.swift; path = FeedViewModel.swift; sourceTree = "<group>"; };
		F9CEB59029B7429700EF2CFF /* FeedViewModelProtocol.swift */ = {isa = PBXFileReference; lastKnownFileType = sourcecode.swift; path = FeedViewModelProtocol.swift; sourceTree = "<group>"; };
		F9CEB59229B7431500EF2CFF /* AppCoordinator.swift */ = {isa = PBXFileReference; lastKnownFileType = sourcecode.swift; path = AppCoordinator.swift; sourceTree = "<group>"; };
		F9CEB59429B7432900EF2CFF /* FeedCoordinator.swift */ = {isa = PBXFileReference; lastKnownFileType = sourcecode.swift; path = FeedCoordinator.swift; sourceTree = "<group>"; };
		F9CEB59629B7433900EF2CFF /* ProfileCoordinator.swift */ = {isa = PBXFileReference; lastKnownFileType = sourcecode.swift; path = ProfileCoordinator.swift; sourceTree = "<group>"; };
		F9CEB59829B7470500EF2CFF /* ProfileViewModelProtocol.swift */ = {isa = PBXFileReference; lastKnownFileType = sourcecode.swift; path = ProfileViewModelProtocol.swift; sourceTree = "<group>"; };
		F9CEB59A29B7472900EF2CFF /* ProfileViewModel.swift */ = {isa = PBXFileReference; lastKnownFileType = sourcecode.swift; path = ProfileViewModel.swift; sourceTree = "<group>"; };
		F9CEB59C29B74D2600EF2CFF /* LoginViewModelProtocol.swift */ = {isa = PBXFileReference; lastKnownFileType = sourcecode.swift; path = LoginViewModelProtocol.swift; sourceTree = "<group>"; };
		F9CEB59E29B74D3600EF2CFF /* LoginViewModel.swift */ = {isa = PBXFileReference; lastKnownFileType = sourcecode.swift; path = LoginViewModel.swift; sourceTree = "<group>"; };
		F9CEB5A329B756DA00EF2CFF /* LoginCoordinator.swift */ = {isa = PBXFileReference; lastKnownFileType = sourcecode.swift; path = LoginCoordinator.swift; sourceTree = "<group>"; };
		F9CEB5A529B758C200EF2CFF /* PostCoordinator.swift */ = {isa = PBXFileReference; lastKnownFileType = sourcecode.swift; path = PostCoordinator.swift; sourceTree = "<group>"; };
		F9CEB5A729B758CF00EF2CFF /* InfoCoordinator.swift */ = {isa = PBXFileReference; lastKnownFileType = sourcecode.swift; path = InfoCoordinator.swift; sourceTree = "<group>"; };
		F9CEB5AB29B7592500EF2CFF /* InfoViewModelProtocol.swift */ = {isa = PBXFileReference; lastKnownFileType = sourcecode.swift; path = InfoViewModelProtocol.swift; sourceTree = "<group>"; };
		F9CEB5AD29B7593400EF2CFF /* InfoViewModel.swift */ = {isa = PBXFileReference; lastKnownFileType = sourcecode.swift; path = InfoViewModel.swift; sourceTree = "<group>"; };
		F9CEB5AF29B7594900EF2CFF /* PostViewModelProtocol.swift */ = {isa = PBXFileReference; lastKnownFileType = sourcecode.swift; path = PostViewModelProtocol.swift; sourceTree = "<group>"; };
		F9CEB5B129B7595600EF2CFF /* PostViewModel.swift */ = {isa = PBXFileReference; lastKnownFileType = sourcecode.swift; path = PostViewModel.swift; sourceTree = "<group>"; };
		F9CEB5B329B75A3900EF2CFF /* ProfileTabCoordinator.swift */ = {isa = PBXFileReference; lastKnownFileType = sourcecode.swift; path = ProfileTabCoordinator.swift; sourceTree = "<group>"; };
		F9CEB5B529B75A4F00EF2CFF /* FeedTabCoordinator.swift */ = {isa = PBXFileReference; lastKnownFileType = sourcecode.swift; path = FeedTabCoordinator.swift; sourceTree = "<group>"; };
		F9CEB5BA29B7950900EF2CFF /* PhotosViewModelProtocol.swift */ = {isa = PBXFileReference; lastKnownFileType = sourcecode.swift; path = PhotosViewModelProtocol.swift; sourceTree = "<group>"; };
		F9CEB5BC29B7951800EF2CFF /* PhotosViewModel.swift */ = {isa = PBXFileReference; lastKnownFileType = sourcecode.swift; path = PhotosViewModel.swift; sourceTree = "<group>"; };
		F9CEB5BE29B79D2C00EF2CFF /* RemoveChildCoordinatorDelegate.swift */ = {isa = PBXFileReference; lastKnownFileType = sourcecode.swift; path = RemoveChildCoordinatorDelegate.swift; sourceTree = "<group>"; };
		F9CF7A89289D813000839A1F /* ProfileHeaderView.swift */ = {isa = PBXFileReference; lastKnownFileType = sourcecode.swift; path = ProfileHeaderView.swift; sourceTree = "<group>"; };
		F9DB1300298A9F850067578D /* AvatarTapDelegate.swift */ = {isa = PBXFileReference; lastKnownFileType = sourcecode.swift; path = AvatarTapDelegate.swift; sourceTree = "<group>"; };
		F9DB1302298E8C8D0067578D /* AvatarView.swift */ = {isa = PBXFileReference; lastKnownFileType = sourcecode.swift; path = AvatarView.swift; sourceTree = "<group>"; };
		F9DB130D29AFCC1B0067578D /* StorageService.framework */ = {isa = PBXFileReference; explicitFileType = wrapper.framework; includeInIndex = 0; path = StorageService.framework; sourceTree = BUILT_PRODUCTS_DIR; };
		F9DB130F29AFCC1B0067578D /* StorageService.h */ = {isa = PBXFileReference; lastKnownFileType = sourcecode.c.h; path = StorageService.h; sourceTree = "<group>"; };
		F9DB131029AFCC1B0067578D /* StorageService.docc */ = {isa = PBXFileReference; lastKnownFileType = folder.documentationcatalog; path = StorageService.docc; sourceTree = "<group>"; };
		F9DB131C29B0B0F10067578D /* Configuration.swift */ = {isa = PBXFileReference; lastKnownFileType = sourcecode.swift; path = Configuration.swift; sourceTree = "<group>"; };
		F9DB132129B26AFE0067578D /* UserModel.swift */ = {isa = PBXFileReference; lastKnownFileType = sourcecode.swift; path = UserModel.swift; sourceTree = "<group>"; };
		F9DB132329B26BFA0067578D /* UserService.swift */ = {isa = PBXFileReference; lastKnownFileType = sourcecode.swift; path = UserService.swift; sourceTree = "<group>"; };
		F9DB132529B26E630067578D /* CurrentUserService.swift */ = {isa = PBXFileReference; lastKnownFileType = sourcecode.swift; path = CurrentUserService.swift; sourceTree = "<group>"; };
		F9DB132929B27DE10067578D /* UIColorUtils.swift */ = {isa = PBXFileReference; lastKnownFileType = sourcecode.swift; path = UIColorUtils.swift; sourceTree = "<group>"; };
		F9DB132B29B27FAE0067578D /* UIImageUtils.swift */ = {isa = PBXFileReference; lastKnownFileType = sourcecode.swift; path = UIImageUtils.swift; sourceTree = "<group>"; };
		F9DB132F29B2871A0067578D /* TestUserService.swift */ = {isa = PBXFileReference; lastKnownFileType = sourcecode.swift; path = TestUserService.swift; sourceTree = "<group>"; };
		F9DB133129B33A170067578D /* StorageService.swift */ = {isa = PBXFileReference; lastKnownFileType = sourcecode.swift; path = StorageService.swift; sourceTree = "<group>"; };
		F9DB133B29B3640D0067578D /* LoginFactory.swift */ = {isa = PBXFileReference; lastKnownFileType = sourcecode.swift; path = LoginFactory.swift; sourceTree = "<group>"; };
		F9DB133D29B3649A0067578D /* LoginFactoryImp.swift */ = {isa = PBXFileReference; lastKnownFileType = sourcecode.swift; path = LoginFactoryImp.swift; sourceTree = "<group>"; };
		F9DB134329B4FD870067578D /* CustomButton.swift */ = {isa = PBXFileReference; lastKnownFileType = sourcecode.swift; path = CustomButton.swift; sourceTree = "<group>"; };
		F9DB134629B51AC00067578D /* FeedModel.swift */ = {isa = PBXFileReference; lastKnownFileType = sourcecode.swift; path = FeedModel.swift; sourceTree = "<group>"; };
		F9DB134829B51C0B0067578D /* AlertUtils.swift */ = {isa = PBXFileReference; lastKnownFileType = sourcecode.swift; path = AlertUtils.swift; sourceTree = "<group>"; };
		F9DB134A29B529070067578D /* UIButtonUtils.swift */ = {isa = PBXFileReference; lastKnownFileType = sourcecode.swift; path = UIButtonUtils.swift; sourceTree = "<group>"; };
		F9DB134C29B52C640067578D /* UITextFieldUtils.swift */ = {isa = PBXFileReference; lastKnownFileType = sourcecode.swift; path = UITextFieldUtils.swift; sourceTree = "<group>"; };
/* End PBXFileReference section */

/* Begin PBXFrameworksBuildPhase section */
		F97CD0BD2869D89A0062067F /* Frameworks */ = {
			isa = PBXFrameworksBuildPhase;
			buildActionMask = 2147483647;
			files = (
				F9DB131529AFCC1B0067578D /* StorageService.framework in Frameworks */,
				F995FC7F29FBE77D007888DE /* Pods_Navigation.framework in Frameworks */,
				F9DB134129B3D3730067578D /* iOSIntPackage in Frameworks */,
			);
			runOnlyForDeploymentPostprocessing = 0;
		};
		F9DB130A29AFCC1B0067578D /* Frameworks */ = {
			isa = PBXFrameworksBuildPhase;
			buildActionMask = 2147483647;
			files = (
			);
			runOnlyForDeploymentPostprocessing = 0;
		};
/* End PBXFrameworksBuildPhase section */

/* Begin PBXGroup section */
		7DCF547B8CF7C27BD9373575 /* Pods */ = {
			isa = PBXGroup;
			children = (
				1906FC7D733D0BDBAC75AA0B /* Pods-Navigation.debug.xcconfig */,
				B6B70F672DC8C5626B21FE86 /* Pods-Navigation.release.xcconfig */,
			);
			path = Pods;
			sourceTree = "<group>";
		};
		9BBA3FCCD841B9D3926100D1 /* Frameworks */ = {
			isa = PBXGroup;
			children = (
				279DA21AA648647C71307D00 /* Pods_Navigation.framework */,
			);
			name = Frameworks;
			sourceTree = "<group>";
		};
		F923A21929FC7453004E453E /* Register */ = {
			isa = PBXGroup;
			children = (
				F9330E0729FBAEEA003E0001 /* RegisterViewModel.swift */,
				F923A21A29FC7478004E453E /* RegisterViewModelProtocol.swift */,
			);
			path = Register;
			sourceTree = "<group>";
		};
		F9330E1029FBB338003E0001 /* CheckerService */ = {
			isa = PBXGroup;
			children = (
				F936C44929EFDCDE006B6708 /* CheckerServiceProtocol.swift */,
				F936C44B29EFDEDF006B6708 /* CheckerService.swift */,
				F9330E1129FBB356003E0001 /* FirebaseError.swift */,
			);
			path = CheckerService;
			sourceTree = "<group>";
		};
		F936C43929CE255C006B6708 /* NetworkService */ = {
			isa = PBXGroup;
			children = (
				F9B5B8A229CC4C2D00B7CFA6 /* NetworkService.swift */,
				F936C43A29CE25A3006B6708 /* Planet.swift */,
				F936C43C29CE273E006B6708 /* Resident.swift */,
			);
			path = NetworkService;
			sourceTree = "<group>";
		};
		F97CD0B72869D89A0062067F = {
			isa = PBXGroup;
			children = (
				F97CD0C22869D89A0062067F /* Navigation */,
				F9DB130E29AFCC1B0067578D /* StorageService */,
				F97CD0C12869D89A0062067F /* Products */,
				7DCF547B8CF7C27BD9373575 /* Pods */,
				9BBA3FCCD841B9D3926100D1 /* Frameworks */,
			);
			sourceTree = "<group>";
		};
		F97CD0C12869D89A0062067F /* Products */ = {
			isa = PBXGroup;
			children = (
				F97CD0C02869D89A0062067F /* Navigation.app */,
				F9DB130D29AFCC1B0067578D /* StorageService.framework */,
			);
			name = Products;
			sourceTree = "<group>";
		};
		F97CD0C22869D89A0062067F /* Navigation */ = {
			isa = PBXGroup;
			children = (
				F995FC7D29FBE385007888DE /* GoogleService-Info.plist */,
				F9CEB58529B733E400EF2CFF /* App */,
				F9CEB58429B733CB00EF2CFF /* Modules */,
				F9CEB57F29B731E400EF2CFF /* Coordinators */,
				F9DB134529B51AAE0067578D /* Models */,
				F9DB134229B4FD1E0067578D /* Views */,
				F9DB133A29B363F50067578D /* Factories */,
				F9DB133529B34ED20067578D /* Delegates */,
				F9DB132829B27DCB0067578D /* Utils */,
				F9DB132729B275720067578D /* Services */,
				F9A8197029277EC40033060A /* Photos */,
				F9CF7A88289D80F700839A1F /* Profile */,
				F97CD0F32869D9C10062067F /* Controllers */,
				F97CD0CC2869D89B0062067F /* Assets.xcassets */,
				F97CD0CE2869D89B0062067F /* LaunchScreen.storyboard */,
				F97CD0D12869D89B0062067F /* Info.plist */,
				F9C602BD28E40AEB00DDF334 /* Localizable.strings */,
			);
			path = Navigation;
			sourceTree = "<group>";
		};
		F97CD0F32869D9C10062067F /* Controllers */ = {
			isa = PBXGroup;
			children = (
				F97CD0F42869D9F00062067F /* ViewControllers */,
				F97CD103286B30B50062067F /* TabBarController.swift */,
			);
			path = Controllers;
			sourceTree = "<group>";
		};
		F97CD0F42869D9F00062067F /* ViewControllers */ = {
			isa = PBXGroup;
			children = (
				F97CD0FB2869DDFB0062067F /* FeedViewController.swift */,
				F97CD0FF2869DE640062067F /* PostViewController.swift */,
				F97CD1012869DEA20062067F /* InfoViewController.swift */,
			);
			path = ViewControllers;
			sourceTree = "<group>";
		};
		F97CD105286FF2100062067F /* Data */ = {
			isa = PBXGroup;
			children = (
				F97CD106286FF2200062067F /* Post.swift */,
				F9DB132129B26AFE0067578D /* UserModel.swift */,
				F9DB133129B33A170067578D /* StorageService.swift */,
			);
			path = Data;
			sourceTree = "<group>";
		};
		F9A8197029277EC40033060A /* Photos */ = {
			isa = PBXGroup;
			children = (
				F9A8197129277EFE0033060A /* PhotosTableViewCell.swift */,
				F9A81973292786E80033060A /* PhotosViewController.swift */,
				F9A819762927A0FF0033060A /* PhotosCollectionViewCell.swift */,
				F9A8197A2927BEB90033060A /* PhotosCollectionViewHeader.swift */,
			);
			path = Photos;
			sourceTree = "<group>";
		};
		F9CEB57F29B731E400EF2CFF /* Coordinators */ = {
			isa = PBXGroup;
			children = (
				F9CEB5A229B756C200EF2CFF /* Profile */,
				F9CEB5A129B756B900EF2CFF /* Feed */,
				F9CEB58029B7320100EF2CFF /* Coordinatable.swift */,
				F9CEB58229B7322000EF2CFF /* ModuleCoordinatable.swift */,
				F9CEB59229B7431500EF2CFF /* AppCoordinator.swift */,
			);
			path = Coordinators;
			sourceTree = "<group>";
		};
		F9CEB58429B733CB00EF2CFF /* Modules */ = {
			isa = PBXGroup;
			children = (
				F923A21929FC7453004E453E /* Register */,
				F9CEB5B929B794EF00EF2CFF /* Photos */,
				F9CEB5AA29B7590A00EF2CFF /* Info */,
				F9CEB5A929B758FC00EF2CFF /* Post */,
				F9CEB5A029B7558F00EF2CFF /* Login */,
				F9CEB58D29B7424300EF2CFF /* Profile */,
				F9CEB58C29B7423400EF2CFF /* Feed */,
				F9CEB58629B734EF00EF2CFF /* ViewModelProtocol.swift */,
				F9CEB58829B7353100EF2CFF /* Module.swift */,
			);
			path = Modules;
			sourceTree = "<group>";
		};
		F9CEB58529B733E400EF2CFF /* App */ = {
			isa = PBXGroup;
			children = (
				F9DB131C29B0B0F10067578D /* Configuration.swift */,
				F97CD0C32869D89A0062067F /* AppDelegate.swift */,
				F97CD0C52869D89A0062067F /* SceneDelegate.swift */,
				F9B5B8A429CC4CC000B7CFA6 /* AppConfiguration.swift */,
			);
			path = App;
			sourceTree = "<group>";
		};
		F9CEB58C29B7423400EF2CFF /* Feed */ = {
			isa = PBXGroup;
			children = (
				F9CEB58E29B7426000EF2CFF /* FeedViewModel.swift */,
				F9CEB59029B7429700EF2CFF /* FeedViewModelProtocol.swift */,
			);
			path = Feed;
			sourceTree = "<group>";
		};
		F9CEB58D29B7424300EF2CFF /* Profile */ = {
			isa = PBXGroup;
			children = (
				F9CEB59829B7470500EF2CFF /* ProfileViewModelProtocol.swift */,
				F9CEB59A29B7472900EF2CFF /* ProfileViewModel.swift */,
			);
			path = Profile;
			sourceTree = "<group>";
		};
		F9CEB5A029B7558F00EF2CFF /* Login */ = {
			isa = PBXGroup;
			children = (
				F9CEB59C29B74D2600EF2CFF /* LoginViewModelProtocol.swift */,
				F9CEB59E29B74D3600EF2CFF /* LoginViewModel.swift */,
			);
			path = Login;
			sourceTree = "<group>";
		};
		F9CEB5A129B756B900EF2CFF /* Feed */ = {
			isa = PBXGroup;
			children = (
				F9CEB5B829B75A6D00EF2CFF /* ModuleCoordinators */,
				F9CEB5B529B75A4F00EF2CFF /* FeedTabCoordinator.swift */,
			);
			path = Feed;
			sourceTree = "<group>";
		};
		F9CEB5A229B756C200EF2CFF /* Profile */ = {
			isa = PBXGroup;
			children = (
				F9CEB5B729B75A5600EF2CFF /* ModuleCoordinators */,
				F9CEB5B329B75A3900EF2CFF /* ProfileTabCoordinator.swift */,
			);
			path = Profile;
			sourceTree = "<group>";
		};
		F9CEB5A929B758FC00EF2CFF /* Post */ = {
			isa = PBXGroup;
			children = (
				F9CEB5AF29B7594900EF2CFF /* PostViewModelProtocol.swift */,
				F9CEB5B129B7595600EF2CFF /* PostViewModel.swift */,
			);
			path = Post;
			sourceTree = "<group>";
		};
		F9CEB5AA29B7590A00EF2CFF /* Info */ = {
			isa = PBXGroup;
			children = (
				F9CEB5AB29B7592500EF2CFF /* InfoViewModelProtocol.swift */,
				F9CEB5AD29B7593400EF2CFF /* InfoViewModel.swift */,
			);
			path = Info;
			sourceTree = "<group>";
		};
		F9CEB5B729B75A5600EF2CFF /* ModuleCoordinators */ = {
			isa = PBXGroup;
			children = (
				F9CEB59629B7433900EF2CFF /* ProfileCoordinator.swift */,
				F9CEB5A329B756DA00EF2CFF /* LoginCoordinator.swift */,
			);
			path = ModuleCoordinators;
			sourceTree = "<group>";
		};
		F9CEB5B829B75A6D00EF2CFF /* ModuleCoordinators */ = {
			isa = PBXGroup;
			children = (
				F9CEB59429B7432900EF2CFF /* FeedCoordinator.swift */,
				F9CEB5A529B758C200EF2CFF /* PostCoordinator.swift */,
				F9CEB5A729B758CF00EF2CFF /* InfoCoordinator.swift */,
			);
			path = ModuleCoordinators;
			sourceTree = "<group>";
		};
		F9CEB5B929B794EF00EF2CFF /* Photos */ = {
			isa = PBXGroup;
			children = (
				F9CEB5BA29B7950900EF2CFF /* PhotosViewModelProtocol.swift */,
				F9CEB5BC29B7951800EF2CFF /* PhotosViewModel.swift */,
			);
			path = Photos;
			sourceTree = "<group>";
		};
		F9CF7A88289D80F700839A1F /* Profile */ = {
			isa = PBXGroup;
			children = (
				F97CD0FD2869DE420062067F /* ProfileViewController.swift */,
				F9CF7A89289D813000839A1F /* ProfileHeaderView.swift */,
				F9C602C028E40C5200DDF334 /* LogInViewController.swift */,
				F9C602C228E40C7800DDF334 /* PostTableViewCell.swift */,
				F923A21E29FCE2F5004E453E /* RegisterViewController.swift */,
			);
			path = Profile;
			sourceTree = "<group>";
		};
		F9DB130E29AFCC1B0067578D /* StorageService */ = {
			isa = PBXGroup;
			children = (
				F97CD105286FF2100062067F /* Data */,
				F9DB130F29AFCC1B0067578D /* StorageService.h */,
				F9DB131029AFCC1B0067578D /* StorageService.docc */,
			);
			path = StorageService;
			sourceTree = "<group>";
		};
		F9DB132729B275720067578D /* Services */ = {
			isa = PBXGroup;
			children = (
				F9330E1029FBB338003E0001 /* CheckerService */,
				F936C43929CE255C006B6708 /* NetworkService */,
				F9DB132329B26BFA0067578D /* UserService.swift */,
				F9DB132529B26E630067578D /* CurrentUserService.swift */,
				F9DB132F29B2871A0067578D /* TestUserService.swift */,
			);
			path = Services;
			sourceTree = "<group>";
		};
		F9DB132829B27DCB0067578D /* Utils */ = {
			isa = PBXGroup;
			children = (
				F9DB132929B27DE10067578D /* UIColorUtils.swift */,
				F9DB132B29B27FAE0067578D /* UIImageUtils.swift */,
				F9DB134829B51C0B0067578D /* AlertUtils.swift */,
				F9DB134A29B529070067578D /* UIButtonUtils.swift */,
				F9DB134C29B52C640067578D /* UITextFieldUtils.swift */,
				F92C30BD29C3457A00515FA4 /* CGImageUtils.swift */,
				F936C43E29CF96C7006B6708 /* NetUtils.swift */,
			);
			path = Utils;
			sourceTree = "<group>";
		};
		F9DB133529B34ED20067578D /* Delegates */ = {
			isa = PBXGroup;
			children = (
				F9DB1300298A9F850067578D /* AvatarTapDelegate.swift */,
				F9CEB5BE29B79D2C00EF2CFF /* RemoveChildCoordinatorDelegate.swift */,
				F936C44F29EFEF01006B6708 /* RegisterDelegate.swift */,
			);
			path = Delegates;
			sourceTree = "<group>";
		};
		F9DB133A29B363F50067578D /* Factories */ = {
			isa = PBXGroup;
			children = (
				F9DB133B29B3640D0067578D /* LoginFactory.swift */,
				F9DB133D29B3649A0067578D /* LoginFactoryImp.swift */,
				F9CEB58A29B73BCB00EF2CFF /* AppFactory.swift */,
			);
			path = Factories;
			sourceTree = "<group>";
		};
		F9DB134229B4FD1E0067578D /* Views */ = {
			isa = PBXGroup;
			children = (
				F9DB1302298E8C8D0067578D /* AvatarView.swift */,
				F9DB134329B4FD870067578D /* CustomButton.swift */,
				F936C44229CFDB4C006B6708 /* ResidentTableViewCell.swift */,
			);
			path = Views;
			sourceTree = "<group>";
		};
		F9DB134529B51AAE0067578D /* Models */ = {
			isa = PBXGroup;
			children = (
				F9DB134629B51AC00067578D /* FeedModel.swift */,
			);
			path = Models;
			sourceTree = "<group>";
		};
/* End PBXGroup section */

/* Begin PBXHeadersBuildPhase section */
		F9DB130829AFCC1B0067578D /* Headers */ = {
			isa = PBXHeadersBuildPhase;
			buildActionMask = 2147483647;
			files = (
				F9DB131229AFCC1B0067578D /* StorageService.h in Headers */,
			);
			runOnlyForDeploymentPostprocessing = 0;
		};
/* End PBXHeadersBuildPhase section */

/* Begin PBXNativeTarget section */
		F97CD0BF2869D89A0062067F /* Navigation */ = {
			isa = PBXNativeTarget;
			buildConfigurationList = F97CD0EA2869D89B0062067F /* Build configuration list for PBXNativeTarget "Navigation" */;
			buildPhases = (
				2061CE50A27E3909A9605AAD /* [CP] Check Pods Manifest.lock */,
				F97CD0BC2869D89A0062067F /* Sources */,
				F97CD0BD2869D89A0062067F /* Frameworks */,
				F97CD0BE2869D89A0062067F /* Resources */,
				F9DB131729AFCC1B0067578D /* Embed Frameworks */,
				B00220877D1E87088AAF4AFF /* [CP] Embed Pods Frameworks */,
			);
			buildRules = (
			);
			dependencies = (
				F9DB131429AFCC1B0067578D /* PBXTargetDependency */,
			);
			name = Navigation;
			packageProductDependencies = (
				F9DB134029B3D3730067578D /* iOSIntPackage */,
			);
			productName = Navigation;
			productReference = F97CD0C02869D89A0062067F /* Navigation.app */;
			productType = "com.apple.product-type.application";
		};
		F9DB130C29AFCC1B0067578D /* StorageService */ = {
			isa = PBXNativeTarget;
			buildConfigurationList = F9DB131A29AFCC1C0067578D /* Build configuration list for PBXNativeTarget "StorageService" */;
			buildPhases = (
				F9DB130829AFCC1B0067578D /* Headers */,
				F9DB130929AFCC1B0067578D /* Sources */,
				F9DB130A29AFCC1B0067578D /* Frameworks */,
				F9DB130B29AFCC1B0067578D /* Resources */,
			);
			buildRules = (
			);
			dependencies = (
			);
			name = StorageService;
			productName = StorageService;
			productReference = F9DB130D29AFCC1B0067578D /* StorageService.framework */;
			productType = "com.apple.product-type.framework";
		};
/* End PBXNativeTarget section */

/* Begin PBXProject section */
		F97CD0B82869D89A0062067F /* Project object */ = {
			isa = PBXProject;
			attributes = {
				BuildIndependentTargetsInParallel = 1;
				LastSwiftUpdateCheck = 1300;
				LastUpgradeCheck = 1430;
				TargetAttributes = {
					F97CD0BF2869D89A0062067F = {
						CreatedOnToolsVersion = 13.0;
					};
					F9DB130C29AFCC1B0067578D = {
						CreatedOnToolsVersion = 13.0;
					};
				};
			};
			buildConfigurationList = F97CD0BB2869D89A0062067F /* Build configuration list for PBXProject "Navigation" */;
			compatibilityVersion = "Xcode 13.0";
			developmentRegion = en;
			hasScannedForEncodings = 0;
			knownRegions = (
				en,
				Base,
				ru,
			);
			mainGroup = F97CD0B72869D89A0062067F;
			packageReferences = (
				F9DB133F29B3D3730067578D /* XCRemoteSwiftPackageReference "iOSIntPackage" */,
			);
			productRefGroup = F97CD0C12869D89A0062067F /* Products */;
			projectDirPath = "";
			projectRoot = "";
			targets = (
				F97CD0BF2869D89A0062067F /* Navigation */,
				F9DB130C29AFCC1B0067578D /* StorageService */,
			);
		};
/* End PBXProject section */

/* Begin PBXResourcesBuildPhase section */
		F97CD0BE2869D89A0062067F /* Resources */ = {
			isa = PBXResourcesBuildPhase;
			buildActionMask = 2147483647;
			files = (
				F97CD0D02869D89B0062067F /* LaunchScreen.storyboard in Resources */,
				F995FC7E29FBE385007888DE /* GoogleService-Info.plist in Resources */,
				F9C602BB28E40AEB00DDF334 /* Localizable.strings in Resources */,
				F97CD0CD2869D89B0062067F /* Assets.xcassets in Resources */,
			);
			runOnlyForDeploymentPostprocessing = 0;
		};
		F9DB130B29AFCC1B0067578D /* Resources */ = {
			isa = PBXResourcesBuildPhase;
			buildActionMask = 2147483647;
			files = (
			);
			runOnlyForDeploymentPostprocessing = 0;
		};
/* End PBXResourcesBuildPhase section */

/* Begin PBXShellScriptBuildPhase section */
		2061CE50A27E3909A9605AAD /* [CP] Check Pods Manifest.lock */ = {
			isa = PBXShellScriptBuildPhase;
			buildActionMask = 2147483647;
			files = (
			);
			inputFileListPaths = (
			);
			inputPaths = (
				"${PODS_PODFILE_DIR_PATH}/Podfile.lock",
				"${PODS_ROOT}/Manifest.lock",
			);
			name = "[CP] Check Pods Manifest.lock";
			outputFileListPaths = (
			);
			outputPaths = (
				"$(DERIVED_FILE_DIR)/Pods-Navigation-checkManifestLockResult.txt",
			);
			runOnlyForDeploymentPostprocessing = 0;
			shellPath = /bin/sh;
			shellScript = "diff \"${PODS_PODFILE_DIR_PATH}/Podfile.lock\" \"${PODS_ROOT}/Manifest.lock\" > /dev/null\nif [ $? != 0 ] ; then\n    # print error to STDERR\n    echo \"error: The sandbox is not in sync with the Podfile.lock. Run 'pod install' or update your CocoaPods installation.\" >&2\n    exit 1\nfi\n# This output is used by Xcode 'outputs' to avoid re-running this script phase.\necho \"SUCCESS\" > \"${SCRIPT_OUTPUT_FILE_0}\"\n";
			showEnvVarsInLog = 0;
		};
		B00220877D1E87088AAF4AFF /* [CP] Embed Pods Frameworks */ = {
			isa = PBXShellScriptBuildPhase;
			buildActionMask = 2147483647;
			files = (
			);
			inputFileListPaths = (
				"${PODS_ROOT}/Target Support Files/Pods-Navigation/Pods-Navigation-frameworks-${CONFIGURATION}-input-files.xcfilelist",
			);
			name = "[CP] Embed Pods Frameworks";
			outputFileListPaths = (
				"${PODS_ROOT}/Target Support Files/Pods-Navigation/Pods-Navigation-frameworks-${CONFIGURATION}-output-files.xcfilelist",
			);
			runOnlyForDeploymentPostprocessing = 0;
			shellPath = /bin/sh;
			shellScript = "\"${PODS_ROOT}/Target Support Files/Pods-Navigation/Pods-Navigation-frameworks.sh\"\n";
			showEnvVarsInLog = 0;
		};
/* End PBXShellScriptBuildPhase section */

/* Begin PBXSourcesBuildPhase section */
		F97CD0BC2869D89A0062067F /* Sources */ = {
			isa = PBXSourcesBuildPhase;
			buildActionMask = 2147483647;
			files = (
				F9CEB59F29B74D3600EF2CFF /* LoginViewModel.swift in Sources */,
				F923A21F29FCE2F5004E453E /* RegisterViewController.swift in Sources */,
				F9CEB58F29B7426000EF2CFF /* FeedViewModel.swift in Sources */,
				F9330E1229FBB356003E0001 /* FirebaseError.swift in Sources */,
				F936C43B29CE25A3006B6708 /* Planet.swift in Sources */,
				F97CD1002869DE640062067F /* PostViewController.swift in Sources */,
				F9DB134729B51AC00067578D /* FeedModel.swift in Sources */,
				F9DB132D29B284E00067578D /* CurrentUserService.swift in Sources */,
				F97CD104286B30B50062067F /* TabBarController.swift in Sources */,
				F9B5B8A529CC4CC000B7CFA6 /* AppConfiguration.swift in Sources */,
				F9CEB5B429B75A3900EF2CFF /* ProfileTabCoordinator.swift in Sources */,
				F9C602C128E40C5200DDF334 /* LogInViewController.swift in Sources */,
				F9CEB5BF29B79D2C00EF2CFF /* RemoveChildCoordinatorDelegate.swift in Sources */,
				F9DB134429B4FD870067578D /* CustomButton.swift in Sources */,
				F9A8197B2927BEB90033060A /* PhotosCollectionViewHeader.swift in Sources */,
				F936C44C29EFDEDF006B6708 /* CheckerService.swift in Sources */,
				F923A21B29FC7478004E453E /* RegisterViewModelProtocol.swift in Sources */,
				F9DB132E29B284E40067578D /* UserService.swift in Sources */,
				F9CEB59129B7429700EF2CFF /* FeedViewModelProtocol.swift in Sources */,
				F97CD1022869DEA20062067F /* InfoViewController.swift in Sources */,
				F936C44A29EFDCDE006B6708 /* CheckerServiceProtocol.swift in Sources */,
				F9DB134D29B52C640067578D /* UITextFieldUtils.swift in Sources */,
				F9CEB59329B7431500EF2CFF /* AppCoordinator.swift in Sources */,
				F936C45029EFEF01006B6708 /* RegisterDelegate.swift in Sources */,
				F9CEB5B029B7594900EF2CFF /* PostViewModelProtocol.swift in Sources */,
				F9CEB59929B7470500EF2CFF /* ProfileViewModelProtocol.swift in Sources */,
				F97CD0C42869D89A0062067F /* AppDelegate.swift in Sources */,
				F9CEB58729B734EF00EF2CFF /* ViewModelProtocol.swift in Sources */,
				F9CEB5BB29B7950900EF2CFF /* PhotosViewModelProtocol.swift in Sources */,
				F9DB1303298E8C8D0067578D /* AvatarView.swift in Sources */,
				F9DB134B29B529070067578D /* UIButtonUtils.swift in Sources */,
				F9CEB59B29B7472900EF2CFF /* ProfileViewModel.swift in Sources */,
				F9CEB5A829B758CF00EF2CFF /* InfoCoordinator.swift in Sources */,
				F97CD0C62869D89A0062067F /* SceneDelegate.swift in Sources */,
				F9CF7A8A289D813000839A1F /* ProfileHeaderView.swift in Sources */,
				F9330E0829FBAEEA003E0001 /* RegisterViewModel.swift in Sources */,
				F9CEB5AC29B7592500EF2CFF /* InfoViewModelProtocol.swift in Sources */,
				F9CEB5B629B75A4F00EF2CFF /* FeedTabCoordinator.swift in Sources */,
				F92C30BE29C3457A00515FA4 /* CGImageUtils.swift in Sources */,
				F9CEB5B229B7595600EF2CFF /* PostViewModel.swift in Sources */,
				F9CEB59529B7432900EF2CFF /* FeedCoordinator.swift in Sources */,
				F9A8197229277EFE0033060A /* PhotosTableViewCell.swift in Sources */,
				F9CEB59729B7433900EF2CFF /* ProfileCoordinator.swift in Sources */,
				F9CEB5A629B758C200EF2CFF /* PostCoordinator.swift in Sources */,
				F936C43D29CE273E006B6708 /* Resident.swift in Sources */,
				F9CEB58329B7322000EF2CFF /* ModuleCoordinatable.swift in Sources */,
				F9CEB58129B7320100EF2CFF /* Coordinatable.swift in Sources */,
				F9DB133C29B3640E0067578D /* LoginFactory.swift in Sources */,
				F9B5B8A329CC4C2D00B7CFA6 /* NetworkService.swift in Sources */,
				F9DB132C29B27FAE0067578D /* UIImageUtils.swift in Sources */,
				F9DB132A29B27DE10067578D /* UIColorUtils.swift in Sources */,
				F9CEB5AE29B7593400EF2CFF /* InfoViewModel.swift in Sources */,
				F9DB133E29B3649A0067578D /* LoginFactoryImp.swift in Sources */,
				F9DB134929B51C0B0067578D /* AlertUtils.swift in Sources */,
				F9CEB59D29B74D2600EF2CFF /* LoginViewModelProtocol.swift in Sources */,
				F9DB133029B2871A0067578D /* TestUserService.swift in Sources */,
				F97CD0FE2869DE420062067F /* ProfileViewController.swift in Sources */,
				F9DB131D29B0B0F20067578D /* Configuration.swift in Sources */,
				F9CEB58929B7353100EF2CFF /* Module.swift in Sources */,
				F9A819772927A0FF0033060A /* PhotosCollectionViewCell.swift in Sources */,
				F9A81974292786E80033060A /* PhotosViewController.swift in Sources */,
				F936C44329CFDB4C006B6708 /* ResidentTableViewCell.swift in Sources */,
				F9CEB5A429B756DA00EF2CFF /* LoginCoordinator.swift in Sources */,
				F97CD0FC2869DDFB0062067F /* FeedViewController.swift in Sources */,
				F9CEB58B29B73BCB00EF2CFF /* AppFactory.swift in Sources */,
				F936C43F29CF96C7006B6708 /* NetUtils.swift in Sources */,
				F9DB1301298A9F850067578D /* AvatarTapDelegate.swift in Sources */,
				F9CEB5BD29B7951800EF2CFF /* PhotosViewModel.swift in Sources */,
				F9C602C328E40C7800DDF334 /* PostTableViewCell.swift in Sources */,
			);
			runOnlyForDeploymentPostprocessing = 0;
		};
		F9DB130929AFCC1B0067578D /* Sources */ = {
			isa = PBXSourcesBuildPhase;
			buildActionMask = 2147483647;
			files = (
				F9DB131B29AFCE340067578D /* Post.swift in Sources */,
				F9DB133229B33A170067578D /* StorageService.swift in Sources */,
				F9DB131129AFCC1B0067578D /* StorageService.docc in Sources */,
				F9DB132229B26AFE0067578D /* UserModel.swift in Sources */,
			);
			runOnlyForDeploymentPostprocessing = 0;
		};
/* End PBXSourcesBuildPhase section */

/* Begin PBXTargetDependency section */
		F9DB131429AFCC1B0067578D /* PBXTargetDependency */ = {
			isa = PBXTargetDependency;
			target = F9DB130C29AFCC1B0067578D /* StorageService */;
			targetProxy = F9DB131329AFCC1B0067578D /* PBXContainerItemProxy */;
		};
/* End PBXTargetDependency section */

/* Begin PBXVariantGroup section */
		F97CD0CE2869D89B0062067F /* LaunchScreen.storyboard */ = {
			isa = PBXVariantGroup;
			children = (
				F97CD0CF2869D89B0062067F /* Base */,
				F9C602BE28E40B0400DDF334 /* ru */,
			);
			name = LaunchScreen.storyboard;
			sourceTree = "<group>";
		};
		F9C602BD28E40AEB00DDF334 /* Localizable.strings */ = {
			isa = PBXVariantGroup;
			children = (
				F9C602BC28E40AEB00DDF334 /* en */,
				F9C602BF28E40B0400DDF334 /* ru */,
			);
			name = Localizable.strings;
			sourceTree = "<group>";
		};
/* End PBXVariantGroup section */

/* Begin XCBuildConfiguration section */
		F97CD0E82869D89B0062067F /* Debug */ = {
			isa = XCBuildConfiguration;
			buildSettings = {
				ALWAYS_SEARCH_USER_PATHS = NO;
				CLANG_ANALYZER_LOCALIZABILITY_NONLOCALIZED = YES;
				CLANG_ANALYZER_NONNULL = YES;
				CLANG_ANALYZER_NUMBER_OBJECT_CONVERSION = YES_AGGRESSIVE;
				CLANG_CXX_LANGUAGE_STANDARD = "gnu++17";
				CLANG_CXX_LIBRARY = "libc++";
				CLANG_ENABLE_MODULES = YES;
				CLANG_ENABLE_OBJC_ARC = YES;
				CLANG_ENABLE_OBJC_WEAK = YES;
				CLANG_WARN_BLOCK_CAPTURE_AUTORELEASING = YES;
				CLANG_WARN_BOOL_CONVERSION = YES;
				CLANG_WARN_COMMA = YES;
				CLANG_WARN_CONSTANT_CONVERSION = YES;
				CLANG_WARN_DEPRECATED_OBJC_IMPLEMENTATIONS = YES;
				CLANG_WARN_DIRECT_OBJC_ISA_USAGE = YES_ERROR;
				CLANG_WARN_DOCUMENTATION_COMMENTS = YES;
				CLANG_WARN_EMPTY_BODY = YES;
				CLANG_WARN_ENUM_CONVERSION = YES;
				CLANG_WARN_INFINITE_RECURSION = YES;
				CLANG_WARN_INT_CONVERSION = YES;
				CLANG_WARN_NON_LITERAL_NULL_CONVERSION = YES;
				CLANG_WARN_OBJC_IMPLICIT_RETAIN_SELF = YES;
				CLANG_WARN_OBJC_LITERAL_CONVERSION = YES;
				CLANG_WARN_OBJC_ROOT_CLASS = YES_ERROR;
				CLANG_WARN_QUOTED_INCLUDE_IN_FRAMEWORK_HEADER = YES;
				CLANG_WARN_RANGE_LOOP_ANALYSIS = YES;
				CLANG_WARN_STRICT_PROTOTYPES = YES;
				CLANG_WARN_SUSPICIOUS_MOVE = YES;
				CLANG_WARN_UNGUARDED_AVAILABILITY = YES_AGGRESSIVE;
				CLANG_WARN_UNREACHABLE_CODE = YES;
				CLANG_WARN__DUPLICATE_METHOD_MATCH = YES;
				COPY_PHASE_STRIP = NO;
				DEBUG_INFORMATION_FORMAT = dwarf;
				ENABLE_STRICT_OBJC_MSGSEND = YES;
				ENABLE_TESTABILITY = YES;
				GCC_C_LANGUAGE_STANDARD = gnu11;
				GCC_DYNAMIC_NO_PIC = NO;
				GCC_NO_COMMON_BLOCKS = YES;
				GCC_OPTIMIZATION_LEVEL = 0;
				GCC_PREPROCESSOR_DEFINITIONS = (
					"DEBUG=1",
					"$(inherited)",
				);
				GCC_WARN_64_TO_32_BIT_CONVERSION = YES;
				GCC_WARN_ABOUT_RETURN_TYPE = YES_ERROR;
				GCC_WARN_UNDECLARED_SELECTOR = YES;
				GCC_WARN_UNINITIALIZED_AUTOS = YES_AGGRESSIVE;
				GCC_WARN_UNUSED_FUNCTION = YES;
				GCC_WARN_UNUSED_VARIABLE = YES;
				IPHONEOS_DEPLOYMENT_TARGET = 15.0;
				MTL_ENABLE_DEBUG_INFO = INCLUDE_SOURCE;
				MTL_FAST_MATH = YES;
				ONLY_ACTIVE_ARCH = YES;
				SDKROOT = iphoneos;
				SWIFT_ACTIVE_COMPILATION_CONDITIONS = DEBUG;
				SWIFT_OPTIMIZATION_LEVEL = "-Onone";
			};
			name = Debug;
		};
		F97CD0E92869D89B0062067F /* Release */ = {
			isa = XCBuildConfiguration;
			buildSettings = {
				ALWAYS_SEARCH_USER_PATHS = NO;
				CLANG_ANALYZER_LOCALIZABILITY_NONLOCALIZED = YES;
				CLANG_ANALYZER_NONNULL = YES;
				CLANG_ANALYZER_NUMBER_OBJECT_CONVERSION = YES_AGGRESSIVE;
				CLANG_CXX_LANGUAGE_STANDARD = "gnu++17";
				CLANG_CXX_LIBRARY = "libc++";
				CLANG_ENABLE_MODULES = YES;
				CLANG_ENABLE_OBJC_ARC = YES;
				CLANG_ENABLE_OBJC_WEAK = YES;
				CLANG_WARN_BLOCK_CAPTURE_AUTORELEASING = YES;
				CLANG_WARN_BOOL_CONVERSION = YES;
				CLANG_WARN_COMMA = YES;
				CLANG_WARN_CONSTANT_CONVERSION = YES;
				CLANG_WARN_DEPRECATED_OBJC_IMPLEMENTATIONS = YES;
				CLANG_WARN_DIRECT_OBJC_ISA_USAGE = YES_ERROR;
				CLANG_WARN_DOCUMENTATION_COMMENTS = YES;
				CLANG_WARN_EMPTY_BODY = YES;
				CLANG_WARN_ENUM_CONVERSION = YES;
				CLANG_WARN_INFINITE_RECURSION = YES;
				CLANG_WARN_INT_CONVERSION = YES;
				CLANG_WARN_NON_LITERAL_NULL_CONVERSION = YES;
				CLANG_WARN_OBJC_IMPLICIT_RETAIN_SELF = YES;
				CLANG_WARN_OBJC_LITERAL_CONVERSION = YES;
				CLANG_WARN_OBJC_ROOT_CLASS = YES_ERROR;
				CLANG_WARN_QUOTED_INCLUDE_IN_FRAMEWORK_HEADER = YES;
				CLANG_WARN_RANGE_LOOP_ANALYSIS = YES;
				CLANG_WARN_STRICT_PROTOTYPES = YES;
				CLANG_WARN_SUSPICIOUS_MOVE = YES;
				CLANG_WARN_UNGUARDED_AVAILABILITY = YES_AGGRESSIVE;
				CLANG_WARN_UNREACHABLE_CODE = YES;
				CLANG_WARN__DUPLICATE_METHOD_MATCH = YES;
				COPY_PHASE_STRIP = NO;
				DEBUG_INFORMATION_FORMAT = "dwarf-with-dsym";
				ENABLE_NS_ASSERTIONS = NO;
				ENABLE_STRICT_OBJC_MSGSEND = YES;
				GCC_C_LANGUAGE_STANDARD = gnu11;
				GCC_NO_COMMON_BLOCKS = YES;
				GCC_WARN_64_TO_32_BIT_CONVERSION = YES;
				GCC_WARN_ABOUT_RETURN_TYPE = YES_ERROR;
				GCC_WARN_UNDECLARED_SELECTOR = YES;
				GCC_WARN_UNINITIALIZED_AUTOS = YES_AGGRESSIVE;
				GCC_WARN_UNUSED_FUNCTION = YES;
				GCC_WARN_UNUSED_VARIABLE = YES;
				IPHONEOS_DEPLOYMENT_TARGET = 15.0;
				MTL_ENABLE_DEBUG_INFO = NO;
				MTL_FAST_MATH = YES;
				SDKROOT = iphoneos;
				SWIFT_COMPILATION_MODE = wholemodule;
				SWIFT_OPTIMIZATION_LEVEL = "-O";
				VALIDATE_PRODUCT = YES;
			};
			name = Release;
		};
		F97CD0EB2869D89B0062067F /* Debug */ = {
			isa = XCBuildConfiguration;
			baseConfigurationReference = 1906FC7D733D0BDBAC75AA0B /* Pods-Navigation.debug.xcconfig */;
			buildSettings = {
				ALWAYS_EMBED_SWIFT_STANDARD_LIBRARIES = YES;
				ASSETCATALOG_COMPILER_APPICON_NAME = AppIcon;
				ASSETCATALOG_COMPILER_GLOBAL_ACCENT_COLOR_NAME = AccentColor;
				CODE_SIGN_STYLE = Automatic;
				CURRENT_PROJECT_VERSION = 1;
				DEVELOPMENT_TEAM = ZYCY24J2LU;
				GENERATE_INFOPLIST_FILE = YES;
				INFOPLIST_FILE = Navigation/Info.plist;
				INFOPLIST_KEY_UIApplicationSupportsIndirectInputEvents = YES;
				INFOPLIST_KEY_UILaunchStoryboardName = LaunchScreen;
				INFOPLIST_KEY_UISupportedInterfaceOrientations_iPad = "UIInterfaceOrientationPortrait UIInterfaceOrientationPortraitUpsideDown UIInterfaceOrientationLandscapeLeft UIInterfaceOrientationLandscapeRight";
				INFOPLIST_KEY_UISupportedInterfaceOrientations_iPhone = "UIInterfaceOrientationPortrait UIInterfaceOrientationLandscapeLeft UIInterfaceOrientationLandscapeRight";
				LD_RUNPATH_SEARCH_PATHS = (
					"$(inherited)",
					"@executable_path/Frameworks",
				);
				MARKETING_VERSION = 1.0;
				PRODUCT_BUNDLE_IDENTIFIER = "Yoji-team.Navigation";
				PRODUCT_NAME = "$(TARGET_NAME)";
				SWIFT_EMIT_LOC_STRINGS = YES;
				SWIFT_VERSION = 5.0;
				TARGETED_DEVICE_FAMILY = 1;
			};
			name = Debug;
		};
		F97CD0EC2869D89B0062067F /* Release */ = {
			isa = XCBuildConfiguration;
			baseConfigurationReference = B6B70F672DC8C5626B21FE86 /* Pods-Navigation.release.xcconfig */;
			buildSettings = {
				ALWAYS_EMBED_SWIFT_STANDARD_LIBRARIES = YES;
				ASSETCATALOG_COMPILER_APPICON_NAME = AppIcon;
				ASSETCATALOG_COMPILER_GLOBAL_ACCENT_COLOR_NAME = AccentColor;
				CODE_SIGN_STYLE = Automatic;
				CURRENT_PROJECT_VERSION = 1;
				DEVELOPMENT_TEAM = ZYCY24J2LU;
				GENERATE_INFOPLIST_FILE = YES;
				INFOPLIST_FILE = Navigation/Info.plist;
				INFOPLIST_KEY_UIApplicationSupportsIndirectInputEvents = YES;
				INFOPLIST_KEY_UILaunchStoryboardName = LaunchScreen;
				INFOPLIST_KEY_UISupportedInterfaceOrientations_iPad = "UIInterfaceOrientationPortrait UIInterfaceOrientationPortraitUpsideDown UIInterfaceOrientationLandscapeLeft UIInterfaceOrientationLandscapeRight";
				INFOPLIST_KEY_UISupportedInterfaceOrientations_iPhone = "UIInterfaceOrientationPortrait UIInterfaceOrientationLandscapeLeft UIInterfaceOrientationLandscapeRight";
				LD_RUNPATH_SEARCH_PATHS = (
					"$(inherited)",
					"@executable_path/Frameworks",
				);
				MARKETING_VERSION = 1.0;
				PRODUCT_BUNDLE_IDENTIFIER = "Yoji-team.Navigation";
				PRODUCT_NAME = "$(TARGET_NAME)";
				SWIFT_EMIT_LOC_STRINGS = YES;
				SWIFT_VERSION = 5.0;
				TARGETED_DEVICE_FAMILY = 1;
			};
			name = Release;
		};
		F9DB131829AFCC1B0067578D /* Debug */ = {
			isa = XCBuildConfiguration;
			buildSettings = {
				CODE_SIGN_IDENTITY = "";
				CODE_SIGN_STYLE = Automatic;
				CURRENT_PROJECT_VERSION = 1;
				DEFINES_MODULE = YES;
				DEVELOPMENT_TEAM = ZYCY24J2LU;
				DYLIB_COMPATIBILITY_VERSION = 1;
				DYLIB_CURRENT_VERSION = 1;
				DYLIB_INSTALL_NAME_BASE = "@rpath";
				ENABLE_MODULE_VERIFIER = YES;
				GENERATE_INFOPLIST_FILE = YES;
				INFOPLIST_KEY_NSHumanReadableCopyright = "";
				INSTALL_PATH = "$(LOCAL_LIBRARY_DIR)/Frameworks";
				LD_RUNPATH_SEARCH_PATHS = (
					"$(inherited)",
					"@executable_path/Frameworks",
					"@loader_path/Frameworks",
				);
				MARKETING_VERSION = 1.0;
				MODULE_VERIFIER_SUPPORTED_LANGUAGES = "objective-c objective-c++";
				MODULE_VERIFIER_SUPPORTED_LANGUAGE_STANDARDS = "gnu11 gnu++17";
				PRODUCT_BUNDLE_IDENTIFIER = "Yoji-team.StorageService";
				PRODUCT_NAME = "$(TARGET_NAME:c99extidentifier)";
				SKIP_INSTALL = YES;
				SWIFT_EMIT_LOC_STRINGS = YES;
				SWIFT_VERSION = 5.0;
				TARGETED_DEVICE_FAMILY = "1,2";
				VERSIONING_SYSTEM = "apple-generic";
				VERSION_INFO_PREFIX = "";
			};
			name = Debug;
		};
		F9DB131929AFCC1B0067578D /* Release */ = {
			isa = XCBuildConfiguration;
			buildSettings = {
				CODE_SIGN_IDENTITY = "";
				CODE_SIGN_STYLE = Automatic;
				CURRENT_PROJECT_VERSION = 1;
				DEFINES_MODULE = YES;
				DEVELOPMENT_TEAM = ZYCY24J2LU;
				DYLIB_COMPATIBILITY_VERSION = 1;
				DYLIB_CURRENT_VERSION = 1;
				DYLIB_INSTALL_NAME_BASE = "@rpath";
				ENABLE_MODULE_VERIFIER = YES;
				GENERATE_INFOPLIST_FILE = YES;
				INFOPLIST_KEY_NSHumanReadableCopyright = "";
				INSTALL_PATH = "$(LOCAL_LIBRARY_DIR)/Frameworks";
				LD_RUNPATH_SEARCH_PATHS = (
					"$(inherited)",
					"@executable_path/Frameworks",
					"@loader_path/Frameworks",
				);
				MARKETING_VERSION = 1.0;
				MODULE_VERIFIER_SUPPORTED_LANGUAGES = "objective-c objective-c++";
				MODULE_VERIFIER_SUPPORTED_LANGUAGE_STANDARDS = "gnu11 gnu++17";
				PRODUCT_BUNDLE_IDENTIFIER = "Yoji-team.StorageService";
				PRODUCT_NAME = "$(TARGET_NAME:c99extidentifier)";
				SKIP_INSTALL = YES;
				SWIFT_EMIT_LOC_STRINGS = YES;
				SWIFT_VERSION = 5.0;
				TARGETED_DEVICE_FAMILY = "1,2";
				VERSIONING_SYSTEM = "apple-generic";
				VERSION_INFO_PREFIX = "";
			};
			name = Release;
		};
/* End XCBuildConfiguration section */

/* Begin XCConfigurationList section */
		F97CD0BB2869D89A0062067F /* Build configuration list for PBXProject "Navigation" */ = {
			isa = XCConfigurationList;
			buildConfigurations = (
				F97CD0E82869D89B0062067F /* Debug */,
				F97CD0E92869D89B0062067F /* Release */,
			);
			defaultConfigurationIsVisible = 0;
			defaultConfigurationName = Release;
		};
		F97CD0EA2869D89B0062067F /* Build configuration list for PBXNativeTarget "Navigation" */ = {
			isa = XCConfigurationList;
			buildConfigurations = (
				F97CD0EB2869D89B0062067F /* Debug */,
				F97CD0EC2869D89B0062067F /* Release */,
			);
			defaultConfigurationIsVisible = 0;
			defaultConfigurationName = Release;
		};
		F9DB131A29AFCC1C0067578D /* Build configuration list for PBXNativeTarget "StorageService" */ = {
			isa = XCConfigurationList;
			buildConfigurations = (
				F9DB131829AFCC1B0067578D /* Debug */,
				F9DB131929AFCC1B0067578D /* Release */,
			);
			defaultConfigurationIsVisible = 0;
			defaultConfigurationName = Release;
		};
/* End XCConfigurationList section */

/* Begin XCRemoteSwiftPackageReference section */
		F9DB133F29B3D3730067578D /* XCRemoteSwiftPackageReference "iOSIntPackage" */ = {
			isa = XCRemoteSwiftPackageReference;
			repositoryURL = "https://github.com/TrueMax/iOSIntPackage";
			requirement = {
				branch = imagepublisher;
				kind = branch;
			};
		};
/* End XCRemoteSwiftPackageReference section */

/* Begin XCSwiftPackageProductDependency section */
		F9DB134029B3D3730067578D /* iOSIntPackage */ = {
			isa = XCSwiftPackageProductDependency;
			package = F9DB133F29B3D3730067578D /* XCRemoteSwiftPackageReference "iOSIntPackage" */;
			productName = iOSIntPackage;
		};
/* End XCSwiftPackageProductDependency section */
	};
	rootObject = F97CD0B82869D89A0062067F /* Project object */;
}
