// !$*UTF8*$!
{
	archiveVersion = 1;
	classes = {
	};
	objectVersion = 55;
	objects = {

/* Begin PBXBuildFile section */
		F97CD0C42869D89A0062067F /* AppDelegate.swift in Sources */ = {isa = PBXBuildFile; fileRef = F97CD0C32869D89A0062067F /* AppDelegate.swift */; };
		F97CD0C62869D89A0062067F /* SceneDelegate.swift in Sources */ = {isa = PBXBuildFile; fileRef = F97CD0C52869D89A0062067F /* SceneDelegate.swift */; };
		F97CD0C82869D89A0062067F /* ViewController.swift in Sources */ = {isa = PBXBuildFile; fileRef = F97CD0C72869D89A0062067F /* ViewController.swift */; };
		F97CD0CD2869D89B0062067F /* Assets.xcassets in Resources */ = {isa = PBXBuildFile; fileRef = F97CD0CC2869D89B0062067F /* Assets.xcassets */; };
		F97CD0D02869D89B0062067F /* LaunchScreen.storyboard in Resources */ = {isa = PBXBuildFile; fileRef = F97CD0CE2869D89B0062067F /* LaunchScreen.storyboard */; };
		F97CD0FC2869DDFB0062067F /* FeedViewController.swift in Sources */ = {isa = PBXBuildFile; fileRef = F97CD0FB2869DDFB0062067F /* FeedViewController.swift */; };
		F97CD0FE2869DE420062067F /* ProfileViewController.swift in Sources */ = {isa = PBXBuildFile; fileRef = F97CD0FD2869DE420062067F /* ProfileViewController.swift */; };
		F97CD1002869DE640062067F /* PostViewController.swift in Sources */ = {isa = PBXBuildFile; fileRef = F97CD0FF2869DE640062067F /* PostViewController.swift */; };
		F97CD1022869DEA20062067F /* InfoViewController.swift in Sources */ = {isa = PBXBuildFile; fileRef = F97CD1012869DEA20062067F /* InfoViewController.swift */; };
		F97CD104286B30B50062067F /* TabBarController.swift in Sources */ = {isa = PBXBuildFile; fileRef = F97CD103286B30B50062067F /* TabBarController.swift */; };
		F97CD107286FF2200062067F /* Post.swift in Sources */ = {isa = PBXBuildFile; fileRef = F97CD106286FF2200062067F /* Post.swift */; };
		F9A8197229277EFE0033060A /* PhotosTableViewCell.swift in Sources */ = {isa = PBXBuildFile; fileRef = F9A8197129277EFE0033060A /* PhotosTableViewCell.swift */; };
		F9A81974292786E80033060A /* PhotosViewController.swift in Sources */ = {isa = PBXBuildFile; fileRef = F9A81973292786E80033060A /* PhotosViewController.swift */; };
		F9A819772927A0FF0033060A /* PhotosCollectionViewCell.swift in Sources */ = {isa = PBXBuildFile; fileRef = F9A819762927A0FF0033060A /* PhotosCollectionViewCell.swift */; };
		F9A8197B2927BEB90033060A /* PhotosCollectionViewHeader.swift in Sources */ = {isa = PBXBuildFile; fileRef = F9A8197A2927BEB90033060A /* PhotosCollectionViewHeader.swift */; };
		F9C602BB28E40AEB00DDF334 /* Localizable.strings in Resources */ = {isa = PBXBuildFile; fileRef = F9C602BD28E40AEB00DDF334 /* Localizable.strings */; };
		F9C602C128E40C5200DDF334 /* LogInViewController.swift in Sources */ = {isa = PBXBuildFile; fileRef = F9C602C028E40C5200DDF334 /* LogInViewController.swift */; };
		F9C602C328E40C7800DDF334 /* PostTableViewCell.swift in Sources */ = {isa = PBXBuildFile; fileRef = F9C602C228E40C7800DDF334 /* PostTableViewCell.swift */; };
		F9CF7A8A289D813000839A1F /* ProfileHeaderView.swift in Sources */ = {isa = PBXBuildFile; fileRef = F9CF7A89289D813000839A1F /* ProfileHeaderView.swift */; };
		F9DB1301298A9F850067578D /* AvatarTapDelegate.swift in Sources */ = {isa = PBXBuildFile; fileRef = F9DB1300298A9F850067578D /* AvatarTapDelegate.swift */; };
		F9DB1303298E8C8D0067578D /* AvatarView.swift in Sources */ = {isa = PBXBuildFile; fileRef = F9DB1302298E8C8D0067578D /* AvatarView.swift */; };
/* End PBXBuildFile section */

/* Begin PBXContainerItemProxy section */
		F97CD0D72869D89B0062067F /* PBXContainerItemProxy */ = {
			isa = PBXContainerItemProxy;
			containerPortal = F97CD0B82869D89A0062067F /* Project object */;
			proxyType = 1;
			remoteGlobalIDString = F97CD0BF2869D89A0062067F;
			remoteInfo = Navigation;
		};
		F97CD0E12869D89B0062067F /* PBXContainerItemProxy */ = {
			isa = PBXContainerItemProxy;
			containerPortal = F97CD0B82869D89A0062067F /* Project object */;
			proxyType = 1;
			remoteGlobalIDString = F97CD0BF2869D89A0062067F;
			remoteInfo = Navigation;
		};
/* End PBXContainerItemProxy section */

/* Begin PBXFileReference section */
		F97CD0C02869D89A0062067F /* Navigation.app */ = {isa = PBXFileReference; explicitFileType = wrapper.application; includeInIndex = 0; path = Navigation.app; sourceTree = BUILT_PRODUCTS_DIR; };
		F97CD0C32869D89A0062067F /* AppDelegate.swift */ = {isa = PBXFileReference; lastKnownFileType = sourcecode.swift; path = AppDelegate.swift; sourceTree = "<group>"; };
		F97CD0C52869D89A0062067F /* SceneDelegate.swift */ = {isa = PBXFileReference; lastKnownFileType = sourcecode.swift; path = SceneDelegate.swift; sourceTree = "<group>"; };
		F97CD0C72869D89A0062067F /* ViewController.swift */ = {isa = PBXFileReference; lastKnownFileType = sourcecode.swift; path = ViewController.swift; sourceTree = "<group>"; };
		F97CD0CC2869D89B0062067F /* Assets.xcassets */ = {isa = PBXFileReference; lastKnownFileType = folder.assetcatalog; path = Assets.xcassets; sourceTree = "<group>"; };
		F97CD0CF2869D89B0062067F /* Base */ = {isa = PBXFileReference; lastKnownFileType = file.storyboard; name = Base; path = Base.lproj/LaunchScreen.storyboard; sourceTree = "<group>"; };
		F97CD0D12869D89B0062067F /* Info.plist */ = {isa = PBXFileReference; lastKnownFileType = text.plist.xml; path = Info.plist; sourceTree = "<group>"; };
		F97CD0D62869D89B0062067F /* NavigationTests.xctest */ = {isa = PBXFileReference; explicitFileType = wrapper.cfbundle; includeInIndex = 0; path = NavigationTests.xctest; sourceTree = BUILT_PRODUCTS_DIR; };
		F97CD0E02869D89B0062067F /* NavigationUITests.xctest */ = {isa = PBXFileReference; explicitFileType = wrapper.cfbundle; includeInIndex = 0; path = NavigationUITests.xctest; sourceTree = BUILT_PRODUCTS_DIR; };
		F97CD0FB2869DDFB0062067F /* FeedViewController.swift */ = {isa = PBXFileReference; lastKnownFileType = sourcecode.swift; path = FeedViewController.swift; sourceTree = "<group>"; };
		F97CD0FD2869DE420062067F /* ProfileViewController.swift */ = {isa = PBXFileReference; lastKnownFileType = sourcecode.swift; path = ProfileViewController.swift; sourceTree = "<group>"; };
		F97CD0FF2869DE640062067F /* PostViewController.swift */ = {isa = PBXFileReference; lastKnownFileType = sourcecode.swift; path = PostViewController.swift; sourceTree = "<group>"; };
		F97CD1012869DEA20062067F /* InfoViewController.swift */ = {isa = PBXFileReference; lastKnownFileType = sourcecode.swift; path = InfoViewController.swift; sourceTree = "<group>"; };
		F97CD103286B30B50062067F /* TabBarController.swift */ = {isa = PBXFileReference; lastKnownFileType = sourcecode.swift; path = TabBarController.swift; sourceTree = "<group>"; };
		F97CD106286FF2200062067F /* Post.swift */ = {isa = PBXFileReference; lastKnownFileType = sourcecode.swift; path = Post.swift; sourceTree = "<group>"; };
		F9A8197129277EFE0033060A /* PhotosTableViewCell.swift */ = {isa = PBXFileReference; lastKnownFileType = sourcecode.swift; path = PhotosTableViewCell.swift; sourceTree = "<group>"; };
		F9A81973292786E80033060A /* PhotosViewController.swift */ = {isa = PBXFileReference; lastKnownFileType = sourcecode.swift; path = PhotosViewController.swift; sourceTree = "<group>"; };
		F9A819762927A0FF0033060A /* PhotosCollectionViewCell.swift */ = {isa = PBXFileReference; lastKnownFileType = sourcecode.swift; path = PhotosCollectionViewCell.swift; sourceTree = "<group>"; };
		F9A8197A2927BEB90033060A /* PhotosCollectionViewHeader.swift */ = {isa = PBXFileReference; lastKnownFileType = sourcecode.swift; path = PhotosCollectionViewHeader.swift; sourceTree = "<group>"; };
		F9C602BC28E40AEB00DDF334 /* en */ = {isa = PBXFileReference; lastKnownFileType = text.plist.strings; name = en; path = en.lproj/Localizable.strings; sourceTree = "<group>"; };
		F9C602BE28E40B0400DDF334 /* ru */ = {isa = PBXFileReference; lastKnownFileType = text.plist.strings; name = ru; path = ru.lproj/LaunchScreen.strings; sourceTree = "<group>"; };
		F9C602BF28E40B0400DDF334 /* ru */ = {isa = PBXFileReference; lastKnownFileType = text.plist.strings; name = ru; path = ru.lproj/Localizable.strings; sourceTree = "<group>"; };
		F9C602C028E40C5200DDF334 /* LogInViewController.swift */ = {isa = PBXFileReference; lastKnownFileType = sourcecode.swift; path = LogInViewController.swift; sourceTree = "<group>"; };
		F9C602C228E40C7800DDF334 /* PostTableViewCell.swift */ = {isa = PBXFileReference; lastKnownFileType = sourcecode.swift; path = PostTableViewCell.swift; sourceTree = "<group>"; };
		F9CF7A89289D813000839A1F /* ProfileHeaderView.swift */ = {isa = PBXFileReference; lastKnownFileType = sourcecode.swift; path = ProfileHeaderView.swift; sourceTree = "<group>"; };
		F9DB1300298A9F850067578D /* AvatarTapDelegate.swift */ = {isa = PBXFileReference; lastKnownFileType = sourcecode.swift; path = AvatarTapDelegate.swift; sourceTree = "<group>"; };
		F9DB1302298E8C8D0067578D /* AvatarView.swift */ = {isa = PBXFileReference; lastKnownFileType = sourcecode.swift; path = AvatarView.swift; sourceTree = "<group>"; };
/* End PBXFileReference section */

/* Begin PBXFrameworksBuildPhase section */
		F97CD0BD2869D89A0062067F /* Frameworks */ = {
			isa = PBXFrameworksBuildPhase;
			buildActionMask = 2147483647;
			files = (
			);
			runOnlyForDeploymentPostprocessing = 0;
		};
		F97CD0D32869D89B0062067F /* Frameworks */ = {
			isa = PBXFrameworksBuildPhase;
			buildActionMask = 2147483647;
			files = (
			);
			runOnlyForDeploymentPostprocessing = 0;
		};
		F97CD0DD2869D89B0062067F /* Frameworks */ = {
			isa = PBXFrameworksBuildPhase;
			buildActionMask = 2147483647;
			files = (
			);
			runOnlyForDeploymentPostprocessing = 0;
		};
/* End PBXFrameworksBuildPhase section */

/* Begin PBXGroup section */
		F97CD0B72869D89A0062067F = {
			isa = PBXGroup;
			children = (
				F97CD0C22869D89A0062067F /* Navigation */,
				F97CD0C12869D89A0062067F /* Products */,
			);
			sourceTree = "<group>";
		};
		F97CD0C12869D89A0062067F /* Products */ = {
			isa = PBXGroup;
			children = (
				F97CD0C02869D89A0062067F /* Navigation.app */,
				F97CD0D62869D89B0062067F /* NavigationTests.xctest */,
				F97CD0E02869D89B0062067F /* NavigationUITests.xctest */,
			);
			name = Products;
			sourceTree = "<group>";
		};
		F97CD0C22869D89A0062067F /* Navigation */ = {
			isa = PBXGroup;
			children = (
				F9A8197029277EC40033060A /* Photos */,
				F9CF7A88289D80F700839A1F /* Profile */,
				F97CD105286FF2100062067F /* Data */,
				F97CD0F32869D9C10062067F /* Controllers */,
				F97CD0C32869D89A0062067F /* AppDelegate.swift */,
				F97CD0C52869D89A0062067F /* SceneDelegate.swift */,
				F97CD0C72869D89A0062067F /* ViewController.swift */,
				F97CD0CC2869D89B0062067F /* Assets.xcassets */,
				F97CD0CE2869D89B0062067F /* LaunchScreen.storyboard */,
				F97CD0D12869D89B0062067F /* Info.plist */,
				F9C602BD28E40AEB00DDF334 /* Localizable.strings */,
			);
			path = Navigation;
			sourceTree = "<group>";
		};
		F97CD0F32869D9C10062067F /* Controllers */ = {
			isa = PBXGroup;
			children = (
				F97CD0F42869D9F00062067F /* ViewControllers */,
				F97CD103286B30B50062067F /* TabBarController.swift */,
			);
			path = Controllers;
			sourceTree = "<group>";
		};
		F97CD0F42869D9F00062067F /* ViewControllers */ = {
			isa = PBXGroup;
			children = (
				F97CD0FB2869DDFB0062067F /* FeedViewController.swift */,
				F97CD0FF2869DE640062067F /* PostViewController.swift */,
				F97CD1012869DEA20062067F /* InfoViewController.swift */,
			);
			path = ViewControllers;
			sourceTree = "<group>";
		};
		F97CD105286FF2100062067F /* Data */ = {
			isa = PBXGroup;
			children = (
				F97CD106286FF2200062067F /* Post.swift */,
			);
			path = Data;
			sourceTree = "<group>";
		};
		F9A8197029277EC40033060A /* Photos */ = {
			isa = PBXGroup;
			children = (
				F9A8197129277EFE0033060A /* PhotosTableViewCell.swift */,
				F9A81973292786E80033060A /* PhotosViewController.swift */,
				F9A819762927A0FF0033060A /* PhotosCollectionViewCell.swift */,
				F9A8197A2927BEB90033060A /* PhotosCollectionViewHeader.swift */,
			);
			path = Photos;
			sourceTree = "<group>";
		};
		F9CF7A88289D80F700839A1F /* Profile */ = {
			isa = PBXGroup;
			children = (
				F97CD0FD2869DE420062067F /* ProfileViewController.swift */,
				F9CF7A89289D813000839A1F /* ProfileHeaderView.swift */,
				F9C602C028E40C5200DDF334 /* LogInViewController.swift */,
				F9C602C228E40C7800DDF334 /* PostTableViewCell.swift */,
				F9DB1300298A9F850067578D /* AvatarTapDelegate.swift */,
				F9DB1302298E8C8D0067578D /* AvatarView.swift */,
			);
			path = Profile;
			sourceTree = "<group>";
		};
/* End PBXGroup section */

/* Begin PBXNativeTarget section */
		F97CD0BF2869D89A0062067F /* Navigation */ = {
			isa = PBXNativeTarget;
			buildConfigurationList = F97CD0EA2869D89B0062067F /* Build configuration list for PBXNativeTarget "Navigation" */;
			buildPhases = (
				F97CD0BC2869D89A0062067F /* Sources */,
				F97CD0BD2869D89A0062067F /* Frameworks */,
				F97CD0BE2869D89A0062067F /* Resources */,
			);
			buildRules = (
			);
			dependencies = (
			);
			name = Navigation;
			productName = Navigation;
			productReference = F97CD0C02869D89A0062067F /* Navigation.app */;
			productType = "com.apple.product-type.application";
		};
		F97CD0D52869D89B0062067F /* NavigationTests */ = {
			isa = PBXNativeTarget;
			buildConfigurationList = F97CD0ED2869D89B0062067F /* Build configuration list for PBXNativeTarget "NavigationTests" */;
			buildPhases = (
				F97CD0D22869D89B0062067F /* Sources */,
				F97CD0D32869D89B0062067F /* Frameworks */,
				F97CD0D42869D89B0062067F /* Resources */,
			);
			buildRules = (
			);
			dependencies = (
				F97CD0D82869D89B0062067F /* PBXTargetDependency */,
			);
			name = NavigationTests;
			productName = NavigationTests;
			productReference = F97CD0D62869D89B0062067F /* NavigationTests.xctest */;
			productType = "com.apple.product-type.bundle.unit-test";
		};
		F97CD0DF2869D89B0062067F /* NavigationUITests */ = {
			isa = PBXNativeTarget;
			buildConfigurationList = F97CD0F02869D89B0062067F /* Build configuration list for PBXNativeTarget "NavigationUITests" */;
			buildPhases = (
				F97CD0DC2869D89B0062067F /* Sources */,
				F97CD0DD2869D89B0062067F /* Frameworks */,
				F97CD0DE2869D89B0062067F /* Resources */,
			);
			buildRules = (
			);
			dependencies = (
				F97CD0E22869D89B0062067F /* PBXTargetDependency */,
			);
			name = NavigationUITests;
			productName = NavigationUITests;
			productReference = F97CD0E02869D89B0062067F /* NavigationUITests.xctest */;
			productType = "com.apple.product-type.bundle.ui-testing";
		};
/* End PBXNativeTarget section */

/* Begin PBXProject section */
		F97CD0B82869D89A0062067F /* Project object */ = {
			isa = PBXProject;
			attributes = {
				BuildIndependentTargetsInParallel = 1;
				LastSwiftUpdateCheck = 1300;
				LastUpgradeCheck = 1300;
				TargetAttributes = {
					F97CD0BF2869D89A0062067F = {
						CreatedOnToolsVersion = 13.0;
					};
					F97CD0D52869D89B0062067F = {
						CreatedOnToolsVersion = 13.0;
						TestTargetID = F97CD0BF2869D89A0062067F;
					};
					F97CD0DF2869D89B0062067F = {
						CreatedOnToolsVersion = 13.0;
						TestTargetID = F97CD0BF2869D89A0062067F;
					};
				};
			};
			buildConfigurationList = F97CD0BB2869D89A0062067F /* Build configuration list for PBXProject "Navigation" */;
			compatibilityVersion = "Xcode 13.0";
			developmentRegion = en;
			hasScannedForEncodings = 0;
			knownRegions = (
				en,
				Base,
				ru,
			);
			mainGroup = F97CD0B72869D89A0062067F;
			productRefGroup = F97CD0C12869D89A0062067F /* Products */;
			projectDirPath = "";
			projectRoot = "";
			targets = (
				F97CD0BF2869D89A0062067F /* Navigation */,
				F97CD0D52869D89B0062067F /* NavigationTests */,
				F97CD0DF2869D89B0062067F /* NavigationUITests */,
			);
		};
/* End PBXProject section */

/* Begin PBXResourcesBuildPhase section */
		F97CD0BE2869D89A0062067F /* Resources */ = {
			isa = PBXResourcesBuildPhase;
			buildActionMask = 2147483647;
			files = (
				F97CD0D02869D89B0062067F /* LaunchScreen.storyboard in Resources */,
				F9C602BB28E40AEB00DDF334 /* Localizable.strings in Resources */,
				F97CD0CD2869D89B0062067F /* Assets.xcassets in Resources */,
			);
			runOnlyForDeploymentPostprocessing = 0;
		};
		F97CD0D42869D89B0062067F /* Resources */ = {
			isa = PBXResourcesBuildPhase;
			buildActionMask = 2147483647;
			files = (
			);
			runOnlyForDeploymentPostprocessing = 0;
		};
		F97CD0DE2869D89B0062067F /* Resources */ = {
			isa = PBXResourcesBuildPhase;
			buildActionMask = 2147483647;
			files = (
			);
			runOnlyForDeploymentPostprocessing = 0;
		};
/* End PBXResourcesBuildPhase section */

/* Begin PBXSourcesBuildPhase section */
		F97CD0BC2869D89A0062067F /* Sources */ = {
			isa = PBXSourcesBuildPhase;
			buildActionMask = 2147483647;
			files = (
				F97CD1002869DE640062067F /* PostViewController.swift in Sources */,
				F97CD104286B30B50062067F /* TabBarController.swift in Sources */,
				F9C602C128E40C5200DDF334 /* LogInViewController.swift in Sources */,
				F97CD0C82869D89A0062067F /* ViewController.swift in Sources */,
				F9A8197B2927BEB90033060A /* PhotosCollectionViewHeader.swift in Sources */,
				F97CD1022869DEA20062067F /* InfoViewController.swift in Sources */,
				F97CD0C42869D89A0062067F /* AppDelegate.swift in Sources */,
				F9DB1303298E8C8D0067578D /* AvatarView.swift in Sources */,
				F97CD0C62869D89A0062067F /* SceneDelegate.swift in Sources */,
				F97CD107286FF2200062067F /* Post.swift in Sources */,
				F9CF7A8A289D813000839A1F /* ProfileHeaderView.swift in Sources */,
				F9A8197229277EFE0033060A /* PhotosTableViewCell.swift in Sources */,
				F97CD0FE2869DE420062067F /* ProfileViewController.swift in Sources */,
				F9A819772927A0FF0033060A /* PhotosCollectionViewCell.swift in Sources */,
				F9A81974292786E80033060A /* PhotosViewController.swift in Sources */,
				F97CD0FC2869DDFB0062067F /* FeedViewController.swift in Sources */,
				F9DB1301298A9F850067578D /* AvatarTapDelegate.swift in Sources */,
				F9C602C328E40C7800DDF334 /* PostTableViewCell.swift in Sources */,
			);
			runOnlyForDeploymentPostprocessing = 0;
		};
		F97CD0D22869D89B0062067F /* Sources */ = {
			isa = PBXSourcesBuildPhase;
			buildActionMask = 2147483647;
			files = (
			);
			runOnlyForDeploymentPostprocessing = 0;
		};
		F97CD0DC2869D89B0062067F /* Sources */ = {
			isa = PBXSourcesBuildPhase;
			buildActionMask = 2147483647;
			files = (
			);
			runOnlyForDeploymentPostprocessing = 0;
		};
/* End PBXSourcesBuildPhase section */

/* Begin PBXTargetDependency section */
		F97CD0D82869D89B0062067F /* PBXTargetDependency */ = {
			isa = PBXTargetDependency;
			target = F97CD0BF2869D89A0062067F /* Navigation */;
			targetProxy = F97CD0D72869D89B0062067F /* PBXContainerItemProxy */;
		};
		F97CD0E22869D89B0062067F /* PBXTargetDependency */ = {
			isa = PBXTargetDependency;
			target = F97CD0BF2869D89A0062067F /* Navigation */;
			targetProxy = F97CD0E12869D89B0062067F /* PBXContainerItemProxy */;
		};
/* End PBXTargetDependency section */

/* Begin PBXVariantGroup section */
		F97CD0CE2869D89B0062067F /* LaunchScreen.storyboard */ = {
			isa = PBXVariantGroup;
			children = (
				F97CD0CF2869D89B0062067F /* Base */,
				F9C602BE28E40B0400DDF334 /* ru */,
			);
			name = LaunchScreen.storyboard;
			sourceTree = "<group>";
		};
		F9C602BD28E40AEB00DDF334 /* Localizable.strings */ = {
			isa = PBXVariantGroup;
			children = (
				F9C602BC28E40AEB00DDF334 /* en */,
				F9C602BF28E40B0400DDF334 /* ru */,
			);
			name = Localizable.strings;
			sourceTree = "<group>";
		};
/* End PBXVariantGroup section */

/* Begin XCBuildConfiguration section */
		F97CD0E82869D89B0062067F /* Debug */ = {
			isa = XCBuildConfiguration;
			buildSettings = {
				ALWAYS_SEARCH_USER_PATHS = NO;
				CLANG_ANALYZER_LOCALIZABILITY_NONLOCALIZED = YES;
				CLANG_ANALYZER_NONNULL = YES;
				CLANG_ANALYZER_NUMBER_OBJECT_CONVERSION = YES_AGGRESSIVE;
				CLANG_CXX_LANGUAGE_STANDARD = "gnu++17";
				CLANG_CXX_LIBRARY = "libc++";
				CLANG_ENABLE_MODULES = YES;
				CLANG_ENABLE_OBJC_ARC = YES;
				CLANG_ENABLE_OBJC_WEAK = YES;
				CLANG_WARN_BLOCK_CAPTURE_AUTORELEASING = YES;
				CLANG_WARN_BOOL_CONVERSION = YES;
				CLANG_WARN_COMMA = YES;
				CLANG_WARN_CONSTANT_CONVERSION = YES;
				CLANG_WARN_DEPRECATED_OBJC_IMPLEMENTATIONS = YES;
				CLANG_WARN_DIRECT_OBJC_ISA_USAGE = YES_ERROR;
				CLANG_WARN_DOCUMENTATION_COMMENTS = YES;
				CLANG_WARN_EMPTY_BODY = YES;
				CLANG_WARN_ENUM_CONVERSION = YES;
				CLANG_WARN_INFINITE_RECURSION = YES;
				CLANG_WARN_INT_CONVERSION = YES;
				CLANG_WARN_NON_LITERAL_NULL_CONVERSION = YES;
				CLANG_WARN_OBJC_IMPLICIT_RETAIN_SELF = YES;
				CLANG_WARN_OBJC_LITERAL_CONVERSION = YES;
				CLANG_WARN_OBJC_ROOT_CLASS = YES_ERROR;
				CLANG_WARN_QUOTED_INCLUDE_IN_FRAMEWORK_HEADER = YES;
				CLANG_WARN_RANGE_LOOP_ANALYSIS = YES;
				CLANG_WARN_STRICT_PROTOTYPES = YES;
				CLANG_WARN_SUSPICIOUS_MOVE = YES;
				CLANG_WARN_UNGUARDED_AVAILABILITY = YES_AGGRESSIVE;
				CLANG_WARN_UNREACHABLE_CODE = YES;
				CLANG_WARN__DUPLICATE_METHOD_MATCH = YES;
				COPY_PHASE_STRIP = NO;
				DEBUG_INFORMATION_FORMAT = dwarf;
				ENABLE_STRICT_OBJC_MSGSEND = YES;
				ENABLE_TESTABILITY = YES;
				GCC_C_LANGUAGE_STANDARD = gnu11;
				GCC_DYNAMIC_NO_PIC = NO;
				GCC_NO_COMMON_BLOCKS = YES;
				GCC_OPTIMIZATION_LEVEL = 0;
				GCC_PREPROCESSOR_DEFINITIONS = (
					"DEBUG=1",
					"$(inherited)",
				);
				GCC_WARN_64_TO_32_BIT_CONVERSION = YES;
				GCC_WARN_ABOUT_RETURN_TYPE = YES_ERROR;
				GCC_WARN_UNDECLARED_SELECTOR = YES;
				GCC_WARN_UNINITIALIZED_AUTOS = YES_AGGRESSIVE;
				GCC_WARN_UNUSED_FUNCTION = YES;
				GCC_WARN_UNUSED_VARIABLE = YES;
				IPHONEOS_DEPLOYMENT_TARGET = 15.0;
				MTL_ENABLE_DEBUG_INFO = INCLUDE_SOURCE;
				MTL_FAST_MATH = YES;
				ONLY_ACTIVE_ARCH = YES;
				SDKROOT = iphoneos;
				SWIFT_ACTIVE_COMPILATION_CONDITIONS = DEBUG;
				SWIFT_OPTIMIZATION_LEVEL = "-Onone";
			};
			name = Debug;
		};
		F97CD0E92869D89B0062067F /* Release */ = {
			isa = XCBuildConfiguration;
			buildSettings = {
				ALWAYS_SEARCH_USER_PATHS = NO;
				CLANG_ANALYZER_LOCALIZABILITY_NONLOCALIZED = YES;
				CLANG_ANALYZER_NONNULL = YES;
				CLANG_ANALYZER_NUMBER_OBJECT_CONVERSION = YES_AGGRESSIVE;
				CLANG_CXX_LANGUAGE_STANDARD = "gnu++17";
				CLANG_CXX_LIBRARY = "libc++";
				CLANG_ENABLE_MODULES = YES;
				CLANG_ENABLE_OBJC_ARC = YES;
				CLANG_ENABLE_OBJC_WEAK = YES;
				CLANG_WARN_BLOCK_CAPTURE_AUTORELEASING = YES;
				CLANG_WARN_BOOL_CONVERSION = YES;
				CLANG_WARN_COMMA = YES;
				CLANG_WARN_CONSTANT_CONVERSION = YES;
				CLANG_WARN_DEPRECATED_OBJC_IMPLEMENTATIONS = YES;
				CLANG_WARN_DIRECT_OBJC_ISA_USAGE = YES_ERROR;
				CLANG_WARN_DOCUMENTATION_COMMENTS = YES;
				CLANG_WARN_EMPTY_BODY = YES;
				CLANG_WARN_ENUM_CONVERSION = YES;
				CLANG_WARN_INFINITE_RECURSION = YES;
				CLANG_WARN_INT_CONVERSION = YES;
				CLANG_WARN_NON_LITERAL_NULL_CONVERSION = YES;
				CLANG_WARN_OBJC_IMPLICIT_RETAIN_SELF = YES;
				CLANG_WARN_OBJC_LITERAL_CONVERSION = YES;
				CLANG_WARN_OBJC_ROOT_CLASS = YES_ERROR;
				CLANG_WARN_QUOTED_INCLUDE_IN_FRAMEWORK_HEADER = YES;
				CLANG_WARN_RANGE_LOOP_ANALYSIS = YES;
				CLANG_WARN_STRICT_PROTOTYPES = YES;
				CLANG_WARN_SUSPICIOUS_MOVE = YES;
				CLANG_WARN_UNGUARDED_AVAILABILITY = YES_AGGRESSIVE;
				CLANG_WARN_UNREACHABLE_CODE = YES;
				CLANG_WARN__DUPLICATE_METHOD_MATCH = YES;
				COPY_PHASE_STRIP = NO;
				DEBUG_INFORMATION_FORMAT = "dwarf-with-dsym";
				ENABLE_NS_ASSERTIONS = NO;
				ENABLE_STRICT_OBJC_MSGSEND = YES;
				GCC_C_LANGUAGE_STANDARD = gnu11;
				GCC_NO_COMMON_BLOCKS = YES;
				GCC_WARN_64_TO_32_BIT_CONVERSION = YES;
				GCC_WARN_ABOUT_RETURN_TYPE = YES_ERROR;
				GCC_WARN_UNDECLARED_SELECTOR = YES;
				GCC_WARN_UNINITIALIZED_AUTOS = YES_AGGRESSIVE;
				GCC_WARN_UNUSED_FUNCTION = YES;
				GCC_WARN_UNUSED_VARIABLE = YES;
				IPHONEOS_DEPLOYMENT_TARGET = 15.0;
				MTL_ENABLE_DEBUG_INFO = NO;
				MTL_FAST_MATH = YES;
				SDKROOT = iphoneos;
				SWIFT_COMPILATION_MODE = wholemodule;
				SWIFT_OPTIMIZATION_LEVEL = "-O";
				VALIDATE_PRODUCT = YES;
			};
			name = Release;
		};
		F97CD0EB2869D89B0062067F /* Debug */ = {
			isa = XCBuildConfiguration;
			buildSettings = {
				ASSETCATALOG_COMPILER_APPICON_NAME = AppIcon;
				ASSETCATALOG_COMPILER_GLOBAL_ACCENT_COLOR_NAME = AccentColor;
				CODE_SIGN_STYLE = Automatic;
				CURRENT_PROJECT_VERSION = 1;
				DEVELOPMENT_TEAM = ZYCY24J2LU;
				GENERATE_INFOPLIST_FILE = YES;
				INFOPLIST_FILE = Navigation/Info.plist;
				INFOPLIST_KEY_UIApplicationSupportsIndirectInputEvents = YES;
				INFOPLIST_KEY_UILaunchStoryboardName = LaunchScreen;
				INFOPLIST_KEY_UISupportedInterfaceOrientations_iPad = "UIInterfaceOrientationPortrait UIInterfaceOrientationPortraitUpsideDown UIInterfaceOrientationLandscapeLeft UIInterfaceOrientationLandscapeRight";
				INFOPLIST_KEY_UISupportedInterfaceOrientations_iPhone = "UIInterfaceOrientationPortrait UIInterfaceOrientationLandscapeLeft UIInterfaceOrientationLandscapeRight";
				LD_RUNPATH_SEARCH_PATHS = (
					"$(inherited)",
					"@executable_path/Frameworks",
				);
				MARKETING_VERSION = 1.0;
				PRODUCT_BUNDLE_IDENTIFIER = "Yoji-team.Navigation";
				PRODUCT_NAME = "$(TARGET_NAME)";
				SWIFT_EMIT_LOC_STRINGS = YES;
				SWIFT_VERSION = 5.0;
				TARGETED_DEVICE_FAMILY = 1;
			};
			name = Debug;
		};
		F97CD0EC2869D89B0062067F /* Release */ = {
			isa = XCBuildConfiguration;
			buildSettings = {
				ASSETCATALOG_COMPILER_APPICON_NAME = AppIcon;
				ASSETCATALOG_COMPILER_GLOBAL_ACCENT_COLOR_NAME = AccentColor;
				CODE_SIGN_STYLE = Automatic;
				CURRENT_PROJECT_VERSION = 1;
				DEVELOPMENT_TEAM = ZYCY24J2LU;
				GENERATE_INFOPLIST_FILE = YES;
				INFOPLIST_FILE = Navigation/Info.plist;
				INFOPLIST_KEY_UIApplicationSupportsIndirectInputEvents = YES;
				INFOPLIST_KEY_UILaunchStoryboardName = LaunchScreen;
				INFOPLIST_KEY_UISupportedInterfaceOrientations_iPad = "UIInterfaceOrientationPortrait UIInterfaceOrientationPortraitUpsideDown UIInterfaceOrientationLandscapeLeft UIInterfaceOrientationLandscapeRight";
				INFOPLIST_KEY_UISupportedInterfaceOrientations_iPhone = "UIInterfaceOrientationPortrait UIInterfaceOrientationLandscapeLeft UIInterfaceOrientationLandscapeRight";
				LD_RUNPATH_SEARCH_PATHS = (
					"$(inherited)",
					"@executable_path/Frameworks",
				);
				MARKETING_VERSION = 1.0;
				PRODUCT_BUNDLE_IDENTIFIER = "Yoji-team.Navigation";
				PRODUCT_NAME = "$(TARGET_NAME)";
				SWIFT_EMIT_LOC_STRINGS = YES;
				SWIFT_VERSION = 5.0;
				TARGETED_DEVICE_FAMILY = 1;
			};
			name = Release;
		};
		F97CD0EE2869D89B0062067F /* Debug */ = {
			isa = XCBuildConfiguration;
			buildSettings = {
				ALWAYS_EMBED_SWIFT_STANDARD_LIBRARIES = YES;
				BUNDLE_LOADER = "$(TEST_HOST)";
				CODE_SIGN_STYLE = Automatic;
				CURRENT_PROJECT_VERSION = 1;
				DEVELOPMENT_TEAM = ZYCY24J2LU;
				GENERATE_INFOPLIST_FILE = YES;
				IPHONEOS_DEPLOYMENT_TARGET = 15.0;
				LD_RUNPATH_SEARCH_PATHS = (
					"$(inherited)",
					"@executable_path/Frameworks",
					"@loader_path/Frameworks",
				);
				MARKETING_VERSION = 1.0;
				PRODUCT_BUNDLE_IDENTIFIER = "Yoji-team.NavigationTests";
				PRODUCT_NAME = "$(TARGET_NAME)";
				SWIFT_EMIT_LOC_STRINGS = NO;
				SWIFT_VERSION = 5.0;
				TARGETED_DEVICE_FAMILY = "1,2";
				TEST_HOST = "$(BUILT_PRODUCTS_DIR)/Navigation.app/Navigation";
			};
			name = Debug;
		};
		F97CD0EF2869D89B0062067F /* Release */ = {
			isa = XCBuildConfiguration;
			buildSettings = {
				ALWAYS_EMBED_SWIFT_STANDARD_LIBRARIES = YES;
				BUNDLE_LOADER = "$(TEST_HOST)";
				CODE_SIGN_STYLE = Automatic;
				CURRENT_PROJECT_VERSION = 1;
				DEVELOPMENT_TEAM = ZYCY24J2LU;
				GENERATE_INFOPLIST_FILE = YES;
				IPHONEOS_DEPLOYMENT_TARGET = 15.0;
				LD_RUNPATH_SEARCH_PATHS = (
					"$(inherited)",
					"@executable_path/Frameworks",
					"@loader_path/Frameworks",
				);
				MARKETING_VERSION = 1.0;
				PRODUCT_BUNDLE_IDENTIFIER = "Yoji-team.NavigationTests";
				PRODUCT_NAME = "$(TARGET_NAME)";
				SWIFT_EMIT_LOC_STRINGS = NO;
				SWIFT_VERSION = 5.0;
				TARGETED_DEVICE_FAMILY = "1,2";
				TEST_HOST = "$(BUILT_PRODUCTS_DIR)/Navigation.app/Navigation";
			};
			name = Release;
		};
		F97CD0F12869D89B0062067F /* Debug */ = {
			isa = XCBuildConfiguration;
			buildSettings = {
				ALWAYS_EMBED_SWIFT_STANDARD_LIBRARIES = YES;
				CODE_SIGN_STYLE = Automatic;
				CURRENT_PROJECT_VERSION = 1;
				DEVELOPMENT_TEAM = ZYCY24J2LU;
				GENERATE_INFOPLIST_FILE = YES;
				LD_RUNPATH_SEARCH_PATHS = (
					"$(inherited)",
					"@executable_path/Frameworks",
					"@loader_path/Frameworks",
				);
				MARKETING_VERSION = 1.0;
				PRODUCT_BUNDLE_IDENTIFIER = "Yoji-team.NavigationUITests";
				PRODUCT_NAME = "$(TARGET_NAME)";
				SWIFT_EMIT_LOC_STRINGS = NO;
				SWIFT_VERSION = 5.0;
				TARGETED_DEVICE_FAMILY = "1,2";
				TEST_TARGET_NAME = Navigation;
			};
			name = Debug;
		};
		F97CD0F22869D89B0062067F /* Release */ = {
			isa = XCBuildConfiguration;
			buildSettings = {
				ALWAYS_EMBED_SWIFT_STANDARD_LIBRARIES = YES;
				CODE_SIGN_STYLE = Automatic;
				CURRENT_PROJECT_VERSION = 1;
				DEVELOPMENT_TEAM = ZYCY24J2LU;
				GENERATE_INFOPLIST_FILE = YES;
				LD_RUNPATH_SEARCH_PATHS = (
					"$(inherited)",
					"@executable_path/Frameworks",
					"@loader_path/Frameworks",
				);
				MARKETING_VERSION = 1.0;
				PRODUCT_BUNDLE_IDENTIFIER = "Yoji-team.NavigationUITests";
				PRODUCT_NAME = "$(TARGET_NAME)";
				SWIFT_EMIT_LOC_STRINGS = NO;
				SWIFT_VERSION = 5.0;
				TARGETED_DEVICE_FAMILY = "1,2";
				TEST_TARGET_NAME = Navigation;
			};
			name = Release;
		};
/* End XCBuildConfiguration section */

/* Begin XCConfigurationList section */
		F97CD0BB2869D89A0062067F /* Build configuration list for PBXProject "Navigation" */ = {
			isa = XCConfigurationList;
			buildConfigurations = (
				F97CD0E82869D89B0062067F /* Debug */,
				F97CD0E92869D89B0062067F /* Release */,
			);
			defaultConfigurationIsVisible = 0;
			defaultConfigurationName = Release;
		};
		F97CD0EA2869D89B0062067F /* Build configuration list for PBXNativeTarget "Navigation" */ = {
			isa = XCConfigurationList;
			buildConfigurations = (
				F97CD0EB2869D89B0062067F /* Debug */,
				F97CD0EC2869D89B0062067F /* Release */,
			);
			defaultConfigurationIsVisible = 0;
			defaultConfigurationName = Release;
		};
		F97CD0ED2869D89B0062067F /* Build configuration list for PBXNativeTarget "NavigationTests" */ = {
			isa = XCConfigurationList;
			buildConfigurations = (
				F97CD0EE2869D89B0062067F /* Debug */,
				F97CD0EF2869D89B0062067F /* Release */,
			);
			defaultConfigurationIsVisible = 0;
			defaultConfigurationName = Release;
		};
		F97CD0F02869D89B0062067F /* Build configuration list for PBXNativeTarget "NavigationUITests" */ = {
			isa = XCConfigurationList;
			buildConfigurations = (
				F97CD0F12869D89B0062067F /* Debug */,
				F97CD0F22869D89B0062067F /* Release */,
			);
			defaultConfigurationIsVisible = 0;
			defaultConfigurationName = Release;
		};
/* End XCConfigurationList section */
	};
	rootObject = F97CD0B82869D89A0062067F /* Project object */;
}
